// !$*UTF8*$!
{
	archiveVersion = 1;
	classes = {
	};
	objectVersion = 46;
	objects = {

/* Begin PBXBuildFile section */
		A3A8CD45171ECBF00048F3C5 /* ContactCustomFieldsViewController.m in Sources */ = {isa = PBXBuildFile; fileRef = A3A8CD43171ECBF00048F3C5 /* ContactCustomFieldsViewController.m */; };
		A3A8CD46171ECBF00048F3C5 /* ContactCustomFieldsViewController.xib in Resources */ = {isa = PBXBuildFile; fileRef = A3A8CD44171ECBF00048F3C5 /* ContactCustomFieldsViewController.xib */; };
		B029C40417046F0F005B4FE2 /* UIKit.framework in Frameworks */ = {isa = PBXBuildFile; fileRef = B029C40317046F0F005B4FE2 /* UIKit.framework */; };
		B029C40617046F0F005B4FE2 /* Foundation.framework in Frameworks */ = {isa = PBXBuildFile; fileRef = B029C40517046F0F005B4FE2 /* Foundation.framework */; };
		B029C40817046F0F005B4FE2 /* CoreGraphics.framework in Frameworks */ = {isa = PBXBuildFile; fileRef = B029C40717046F0F005B4FE2 /* CoreGraphics.framework */; };
		B029C40E17046F0F005B4FE2 /* InfoPlist.strings in Resources */ = {isa = PBXBuildFile; fileRef = B029C40C17046F0F005B4FE2 /* InfoPlist.strings */; };
		B029C41017046F0F005B4FE2 /* main.m in Sources */ = {isa = PBXBuildFile; fileRef = B029C40F17046F0F005B4FE2 /* main.m */; };
		B029C41417046F0F005B4FE2 /* AppDelegate.m in Sources */ = {isa = PBXBuildFile; fileRef = B029C41317046F0F005B4FE2 /* AppDelegate.m */; };
		B029C41617046F0F005B4FE2 /* Default.png in Resources */ = {isa = PBXBuildFile; fileRef = B029C41517046F0F005B4FE2 /* Default.png */; };
		B029C41817046F0F005B4FE2 /* Default@2x.png in Resources */ = {isa = PBXBuildFile; fileRef = B029C41717046F0F005B4FE2 /* Default@2x.png */; };
		B029C41A17046F0F005B4FE2 /* Default-568h@2x.png in Resources */ = {isa = PBXBuildFile; fileRef = B029C41917046F0F005B4FE2 /* Default-568h@2x.png */; };
		B029C41D17046F0F005B4FE2 /* MainViewController.m in Sources */ = {isa = PBXBuildFile; fileRef = B029C41C17046F0F005B4FE2 /* MainViewController.m */; };
		B029C42017046F0F005B4FE2 /* MainViewController.xib in Resources */ = {isa = PBXBuildFile; fileRef = B029C41E17046F0F005B4FE2 /* MainViewController.xib */; };
		B029C4B617047C0A005B4FE2 /* LoadingView.m in Sources */ = {isa = PBXBuildFile; fileRef = B029C4B517047C0A005B4FE2 /* LoadingView.m */; };
		B029C4BA170484A7005B4FE2 /* ContactViewController.m in Sources */ = {isa = PBXBuildFile; fileRef = B029C4B7170484A6005B4FE2 /* ContactViewController.m */; };
		B029C4BB170484A7005B4FE2 /* ContactViewController.xib in Resources */ = {isa = PBXBuildFile; fileRef = B029C4B8170484A6005B4FE2 /* ContactViewController.xib */; };
		B029C4BF1704899B005B4FE2 /* ListsTableViewController.m in Sources */ = {isa = PBXBuildFile; fileRef = B029C4BD1704899A005B4FE2 /* ListsTableViewController.m */; };
		B029C4C01704899B005B4FE2 /* ListsTableViewController.xib in Resources */ = {isa = PBXBuildFile; fileRef = B029C4BE1704899B005B4FE2 /* ListsTableViewController.xib */; };
		B0F397461729376200205B40 /* CTCTDataStore.m in Sources */ = {isa = PBXBuildFile; fileRef = B0F396E41729376200205B40 /* CTCTDataStore.m */; };
		B0F397471729376200205B40 /* CTCTLoginViewController.m in Sources */ = {isa = PBXBuildFile; fileRef = B0F396E61729376200205B40 /* CTCTLoginViewController.m */; };
		B0F397481729376200205B40 /* CTCTLoginViewController.xib in Resources */ = {isa = PBXBuildFile; fileRef = B0F396E71729376200205B40 /* CTCTLoginViewController.xib */; };
		B0F3974A1729376200205B40 /* Collection.m in Sources */ = {isa = PBXBuildFile; fileRef = B0F396EC1729376200205B40 /* Collection.m */; };
		B0F3974B1729376200205B40 /* ContactsCollection.m in Sources */ = {isa = PBXBuildFile; fileRef = B0F396EE1729376200205B40 /* ContactsCollection.m */; };
		B0F3974C1729376200205B40 /* ListsCollection.m in Sources */ = {isa = PBXBuildFile; fileRef = B0F396F01729376200205B40 /* ListsCollection.m */; };
		B0F3974D1729376200205B40 /* Activity.m in Sources */ = {isa = PBXBuildFile; fileRef = B0F396F41729376200205B40 /* Activity.m */; };
		B0F3974E1729376200205B40 /* ActivityError.m in Sources */ = {isa = PBXBuildFile; fileRef = B0F396F61729376200205B40 /* ActivityError.m */; };
		B0F3974F1729376200205B40 /* AddContacts.m in Sources */ = {isa = PBXBuildFile; fileRef = B0F396F81729376200205B40 /* AddContacts.m */; };
		B0F397501729376300205B40 /* AddContactsImportData.m in Sources */ = {isa = PBXBuildFile; fileRef = B0F396FA1729376200205B40 /* AddContactsImportData.m */; };
		B0F397511729376300205B40 /* ExportContacts.m in Sources */ = {isa = PBXBuildFile; fileRef = B0F396FC1729376200205B40 /* ExportContacts.m */; };
		B0F397521729376300205B40 /* Component.m in Sources */ = {isa = PBXBuildFile; fileRef = B0F396FE1729376200205B40 /* Component.m */; };
		B0F397531729376300205B40 /* Address.m in Sources */ = {isa = PBXBuildFile; fileRef = B0F397011729376200205B40 /* Address.m */; };
		B0F397541729376300205B40 /* Contact.m in Sources */ = {isa = PBXBuildFile; fileRef = B0F397031729376200205B40 /* Contact.m */; };
		B0F397551729376300205B40 /* ContactList.m in Sources */ = {isa = PBXBuildFile; fileRef = B0F397051729376200205B40 /* ContactList.m */; };
		B0F397561729376300205B40 /* CustomField.m in Sources */ = {isa = PBXBuildFile; fileRef = B0F397071729376200205B40 /* CustomField.m */; };
		B0F397571729376300205B40 /* EmailAddress.m in Sources */ = {isa = PBXBuildFile; fileRef = B0F397091729376200205B40 /* EmailAddress.m */; };
		B0F397581729376300205B40 /* Note.m in Sources */ = {isa = PBXBuildFile; fileRef = B0F3970B1729376200205B40 /* Note.m */; };
		B0F397591729376300205B40 /* ClickThroughDetails.m in Sources */ = {isa = PBXBuildFile; fileRef = B0F3970E1729376200205B40 /* ClickThroughDetails.m */; };
		B0F3975A1729376300205B40 /* EmailCampaign.m in Sources */ = {isa = PBXBuildFile; fileRef = B0F397101729376200205B40 /* EmailCampaign.m */; };
		B0F3975B1729376300205B40 /* MessageFooter.m in Sources */ = {isa = PBXBuildFile; fileRef = B0F397121729376200205B40 /* MessageFooter.m */; };
		B0F3975C1729376300205B40 /* Schedule.m in Sources */ = {isa = PBXBuildFile; fileRef = B0F397141729376200205B40 /* Schedule.m */; };
		B0F3975D1729376300205B40 /* TestSend.m in Sources */ = {isa = PBXBuildFile; fileRef = B0F397161729376200205B40 /* TestSend.m */; };
		B0F3975E1729376300205B40 /* ResultSet.m in Sources */ = {isa = PBXBuildFile; fileRef = B0F397181729376200205B40 /* ResultSet.m */; };
		B0F3975F1729376300205B40 /* BounceActivity.m in Sources */ = {isa = PBXBuildFile; fileRef = B0F3971B1729376200205B40 /* BounceActivity.m */; };
		B0F397601729376300205B40 /* ClickActivity.m in Sources */ = {isa = PBXBuildFile; fileRef = B0F3971D1729376200205B40 /* ClickActivity.m */; };
		B0F397611729376300205B40 /* ForwardActivity.m in Sources */ = {isa = PBXBuildFile; fileRef = B0F3971F1729376200205B40 /* ForwardActivity.m */; };
		B0F397621729376300205B40 /* OpenActivity.m in Sources */ = {isa = PBXBuildFile; fileRef = B0F397211729376200205B40 /* OpenActivity.m */; };
		B0F397631729376300205B40 /* OptOutActivity.m in Sources */ = {isa = PBXBuildFile; fileRef = B0F397231729376200205B40 /* OptOutActivity.m */; };
		B0F397641729376300205B40 /* SendActivity.m in Sources */ = {isa = PBXBuildFile; fileRef = B0F397251729376200205B40 /* SendActivity.m */; };
		B0F397651729376300205B40 /* TrackingActivity.m in Sources */ = {isa = PBXBuildFile; fileRef = B0F397271729376200205B40 /* TrackingActivity.m */; };
		B0F397661729376300205B40 /* TrackingSummary.m in Sources */ = {isa = PBXBuildFile; fileRef = B0F397291729376200205B40 /* TrackingSummary.m */; };
		B0F397671729376300205B40 /* Config.m in Sources */ = {isa = PBXBuildFile; fileRef = B0F3972C1729376200205B40 /* Config.m */; };
		B0F397681729376300205B40 /* Config.plist in Resources */ = {isa = PBXBuildFile; fileRef = B0F3972D1729376200205B40 /* Config.plist */; };
		B0F397691729376300205B40 /* HttpError.m in Sources */ = {isa = PBXBuildFile; fileRef = B0F397311729376200205B40 /* HttpError.m */; };
		B0F3976A1729376300205B40 /* HttpRequest.m in Sources */ = {isa = PBXBuildFile; fileRef = B0F397331729376200205B40 /* HttpRequest.m */; };
		B0F3976B1729376300205B40 /* HttpResponse.m in Sources */ = {isa = PBXBuildFile; fileRef = B0F397351729376200205B40 /* HttpResponse.m */; };
		B0F3976C1729376300205B40 /* ActivityService.m in Sources */ = {isa = PBXBuildFile; fileRef = B0F397381729376200205B40 /* ActivityService.m */; };
		B0F3976D1729376300205B40 /* CampaignScheduleService.m in Sources */ = {isa = PBXBuildFile; fileRef = B0F3973A1729376200205B40 /* CampaignScheduleService.m */; };
		B0F3976E1729376300205B40 /* CampaignTrackingService.m in Sources */ = {isa = PBXBuildFile; fileRef = B0F3973C1729376200205B40 /* CampaignTrackingService.m */; };
		B0F3976F1729376300205B40 /* ContactTrackingService.m in Sources */ = {isa = PBXBuildFile; fileRef = B0F3973E1729376200205B40 /* ContactTrackingService.m */; };
		B0F397701729376300205B40 /* EmailCampaignService.m in Sources */ = {isa = PBXBuildFile; fileRef = B0F397401729376200205B40 /* EmailCampaignService.m */; };
		B0F397711729376300205B40 /* VerifiedEmailAddresses.m in Sources */ = {isa = PBXBuildFile; fileRef = B0F397421729376200205B40 /* VerifiedEmailAddresses.m */; };
		B0F397721729376300205B40 /* CTCTGlobal.m in Sources */ = {isa = PBXBuildFile; fileRef = B0F397451729376200205B40 /* CTCTGlobal.m */; };
		C3709BF81827A9170072CA14 /* FileMoved.m in Sources */ = {isa = PBXBuildFile; fileRef = C3709BF51827A9170072CA14 /* FileMoved.m */; };
		C3709BF91827A9170072CA14 /* FileUploadStatus.m in Sources */ = {isa = PBXBuildFile; fileRef = C3709BF71827A9170072CA14 /* FileUploadStatus.m */; };
		C3709C051827A9250072CA14 /* LibraryFile.m in Sources */ = {isa = PBXBuildFile; fileRef = C3709BFC1827A9250072CA14 /* LibraryFile.m */; };
		C3709C061827A9250072CA14 /* LibraryFolder.m in Sources */ = {isa = PBXBuildFile; fileRef = C3709BFE1827A9250072CA14 /* LibraryFolder.m */; };
		C3709C071827A9250072CA14 /* LibrarySummary.m in Sources */ = {isa = PBXBuildFile; fileRef = C3709C001827A9250072CA14 /* LibrarySummary.m */; };
		C3709C081827A9250072CA14 /* Thumbnail.m in Sources */ = {isa = PBXBuildFile; fileRef = C3709C021827A9250072CA14 /* Thumbnail.m */; };
		C3709C091827A9250072CA14 /* UsageSummary.m in Sources */ = {isa = PBXBuildFile; fileRef = C3709C041827A9250072CA14 /* UsageSummary.m */; };
		C3709C0E1827A9E90072CA14 /* MyLibraryFilesService.m in Sources */ = {isa = PBXBuildFile; fileRef = C3709C0B1827A9E90072CA14 /* MyLibraryFilesService.m */; };
		C3709C0F1827A9E90072CA14 /* MyLibraryFoldersService.m in Sources */ = {isa = PBXBuildFile; fileRef = C3709C0D1827A9E90072CA14 /* MyLibraryFoldersService.m */; };
		C398C0C218101ACA00E54CAE /* AllActivites.m in Sources */ = {isa = PBXBuildFile; fileRef = C398C0BF18101ACA00E54CAE /* AllActivites.m */; };
		C398C0C318101ACA00E54CAE /* EmailSortedActivity.m in Sources */ = {isa = PBXBuildFile; fileRef = C398C0C118101ACA00E54CAE /* EmailSortedActivity.m */; };
		C39BE3F218A283D2009589A5 /* EventSpotService.m in Sources */ = {isa = PBXBuildFile; fileRef = C39BE3F118A283D2009589A5 /* EventSpotService.m */; };
		C39BE44A18A283EE009589A5 /* EventCurrencyTypeEnum.m in Sources */ = {isa = PBXBuildFile; fileRef = C39BE3F618A283EE009589A5 /* EventCurrencyTypeEnum.m */; };
		C39BE44B18A283EE009589A5 /* EventInformationSectionsEnum.m in Sources */ = {isa = PBXBuildFile; fileRef = C39BE3F818A283EE009589A5 /* EventInformationSectionsEnum.m */; };
		C39BE44C18A283EE009589A5 /* EventPatchOpEnum.m in Sources */ = {isa = PBXBuildFile; fileRef = C39BE3FA18A283EE009589A5 /* EventPatchOpEnum.m */; };
		C39BE44D18A283EE009589A5 /* EventPatchStatusEnum.m in Sources */ = {isa = PBXBuildFile; fileRef = C39BE3FC18A283EE009589A5 /* EventPatchStatusEnum.m */; };
		C39BE44E18A283EE009589A5 /* EventPatchValueEnum.m in Sources */ = {isa = PBXBuildFile; fileRef = C39BE3FE18A283EE009589A5 /* EventPatchValueEnum.m */; };
		C39BE44F18A283EE009589A5 /* EventPaymentTypeEnum.m in Sources */ = {isa = PBXBuildFile; fileRef = C39BE40018A283EE009589A5 /* EventPaymentTypeEnum.m */; };
		C39BE45018A283EE009589A5 /* EventRegistrantAttendanceStatusEnum.m in Sources */ = {isa = PBXBuildFile; fileRef = C39BE40218A283EE009589A5 /* EventRegistrantAttendanceStatusEnum.m */; };
		C39BE45118A283EE009589A5 /* EventRegistrantDiscountScopeEnum.m in Sources */ = {isa = PBXBuildFile; fileRef = C39BE40418A283EE009589A5 /* EventRegistrantDiscountScopeEnum.m */; };
		C39BE45218A283EE009589A5 /* EventRegistrantPaymentTypeEnum.m in Sources */ = {isa = PBXBuildFile; fileRef = C39BE40618A283EE009589A5 /* EventRegistrantPaymentTypeEnum.m */; };
		C39BE45318A283EE009589A5 /* EventRegistrantSectionsFieldTypeEnum.m in Sources */ = {isa = PBXBuildFile; fileRef = C39BE40818A283EE009589A5 /* EventRegistrantSectionsFieldTypeEnum.m */; };
		C39BE45418A283EE009589A5 /* EventStatusEnum.m in Sources */ = {isa = PBXBuildFile; fileRef = C39BE40A18A283EE009589A5 /* EventStatusEnum.m */; };
		C39BE45518A283EE009589A5 /* EventTypeEnum.m in Sources */ = {isa = PBXBuildFile; fileRef = C39BE40C18A283EE009589A5 /* EventTypeEnum.m */; };
		C39BE45618A283EE009589A5 /* FeeScopeEnum.m in Sources */ = {isa = PBXBuildFile; fileRef = C39BE40E18A283EE009589A5 /* FeeScopeEnum.m */; };
		C39BE45718A283EE009589A5 /* PromocodeCodeTypeEnum.m in Sources */ = {isa = PBXBuildFile; fileRef = C39BE41018A283EE009589A5 /* PromocodeCodeTypeEnum.m */; };
		C39BE45818A283EE009589A5 /* PromocodeDiscountScopeEnum.m in Sources */ = {isa = PBXBuildFile; fileRef = C39BE41218A283EE009589A5 /* PromocodeDiscountScopeEnum.m */; };
		C39BE45918A283EE009589A5 /* PromocodeDiscountTypeEnum.m in Sources */ = {isa = PBXBuildFile; fileRef = C39BE41418A283EE009589A5 /* PromocodeDiscountTypeEnum.m */; };
		C39BE45A18A283EE009589A5 /* PromocodeStatusEnum.m in Sources */ = {isa = PBXBuildFile; fileRef = C39BE41618A283EE009589A5 /* PromocodeStatusEnum.m */; };
		C39BE45B18A283EE009589A5 /* Event.m in Sources */ = {isa = PBXBuildFile; fileRef = C39BE41818A283EE009589A5 /* Event.m */; };
		C39BE45C18A283EE009589A5 /* EventAddress.m in Sources */ = {isa = PBXBuildFile; fileRef = C39BE41A18A283EE009589A5 /* EventAddress.m */; };
		C39BE45D18A283EE009589A5 /* EventContact.m in Sources */ = {isa = PBXBuildFile; fileRef = C39BE41C18A283EE009589A5 /* EventContact.m */; };
		C39BE45E18A283EE009589A5 /* EventExtended.m in Sources */ = {isa = PBXBuildFile; fileRef = C39BE41E18A283EE009589A5 /* EventExtended.m */; };
		C39BE45F18A283EE009589A5 /* EventFee.m in Sources */ = {isa = PBXBuildFile; fileRef = C39BE42018A283EE009589A5 /* EventFee.m */; };
		C39BE46018A283EE009589A5 /* EventItem.m in Sources */ = {isa = PBXBuildFile; fileRef = C39BE42218A283EE009589A5 /* EventItem.m */; };
		C39BE46118A283EE009589A5 /* EventItemAttribute.m in Sources */ = {isa = PBXBuildFile; fileRef = C39BE42418A283EE009589A5 /* EventItemAttribute.m */; };
		C39BE46218A283EE009589A5 /* EventNotificationOptions.m in Sources */ = {isa = PBXBuildFile; fileRef = C39BE42618A283EE009589A5 /* EventNotificationOptions.m */; };
		C39BE46318A283EE009589A5 /* EventOnlineMeeting.m in Sources */ = {isa = PBXBuildFile; fileRef = C39BE42818A283EE009589A5 /* EventOnlineMeeting.m */; };
		C39BE46418A283EE009589A5 /* EventPatch.m in Sources */ = {isa = PBXBuildFile; fileRef = C39BE42A18A283EE009589A5 /* EventPatch.m */; };
		C39BE46618A283EE009589A5 /* EventPromocode.m in Sources */ = {isa = PBXBuildFile; fileRef = C39BE42D18A283EE009589A5 /* EventPromocode.m */; };
		C39BE46718A283EE009589A5 /* EventRegistrant.m in Sources */ = {isa = PBXBuildFile; fileRef = C39BE42F18A283EE009589A5 /* EventRegistrant.m */; };
		C39BE46818A283EE009589A5 /* EventRegistrantExtended.m in Sources */ = {isa = PBXBuildFile; fileRef = C39BE43118A283EE009589A5 /* EventRegistrantExtended.m */; };
		C39BE46918A283EE009589A5 /* EventTrackInformation.m in Sources */ = {isa = PBXBuildFile; fileRef = C39BE43318A283EE009589A5 /* EventTrackInformation.m */; };
		C39BE46A18A283EE009589A5 /* RegistrantFee.m in Sources */ = {isa = PBXBuildFile; fileRef = C39BE43518A283EE009589A5 /* RegistrantFee.m */; };
		C39BE46B18A283EE009589A5 /* RegistrantGuest.m in Sources */ = {isa = PBXBuildFile; fileRef = C39BE43718A283EE009589A5 /* RegistrantGuest.m */; };
		C39BE46C18A283EE009589A5 /* RegistrantGuestInfo.m in Sources */ = {isa = PBXBuildFile; fileRef = C39BE43918A283EE009589A5 /* RegistrantGuestInfo.m */; };
		C39BE46D18A283EE009589A5 /* RegistrantGuestSections.m in Sources */ = {isa = PBXBuildFile; fileRef = C39BE43B18A283EE009589A5 /* RegistrantGuestSections.m */; };
		C39BE46E18A283EE009589A5 /* RegistrantOrder.m in Sources */ = {isa = PBXBuildFile; fileRef = C39BE43D18A283EE009589A5 /* RegistrantOrder.m */; };
		C39BE46F18A283EE009589A5 /* RegistrantPaymentSummary.m in Sources */ = {isa = PBXBuildFile; fileRef = C39BE43F18A283EE009589A5 /* RegistrantPaymentSummary.m */; };
		C39BE47018A283EE009589A5 /* RegistrantPromoCode.m in Sources */ = {isa = PBXBuildFile; fileRef = C39BE44118A283EE009589A5 /* RegistrantPromoCode.m */; };
		C39BE47118A283EE009589A5 /* RegistrantPromocodeInfo.m in Sources */ = {isa = PBXBuildFile; fileRef = C39BE44318A283EE009589A5 /* RegistrantPromocodeInfo.m */; };
		C39BE47218A283EE009589A5 /* RegistrantSaleItem.m in Sources */ = {isa = PBXBuildFile; fileRef = C39BE44518A283EE009589A5 /* RegistrantSaleItem.m */; };
		C39BE47318A283EE009589A5 /* RegistrantSection.m in Sources */ = {isa = PBXBuildFile; fileRef = C39BE44718A283EE009589A5 /* RegistrantSection.m */; };
		C39BE47418A283EE009589A5 /* RegistrantSectionField.m in Sources */ = {isa = PBXBuildFile; fileRef = C39BE44918A283EE009589A5 /* RegistrantSectionField.m */; };
/* End PBXBuildFile section */

/* Begin PBXFileReference section */
		A3A8CD42171ECBEF0048F3C5 /* ContactCustomFieldsViewController.h */ = {isa = PBXFileReference; fileEncoding = 4; lastKnownFileType = sourcecode.c.h; path = ContactCustomFieldsViewController.h; sourceTree = "<group>"; };
		A3A8CD43171ECBF00048F3C5 /* ContactCustomFieldsViewController.m */ = {isa = PBXFileReference; fileEncoding = 4; lastKnownFileType = sourcecode.c.objc; path = ContactCustomFieldsViewController.m; sourceTree = "<group>"; };
		A3A8CD44171ECBF00048F3C5 /* ContactCustomFieldsViewController.xib */ = {isa = PBXFileReference; fileEncoding = 4; lastKnownFileType = file.xib; path = ContactCustomFieldsViewController.xib; sourceTree = "<group>"; };
		B029C40017046F0F005B4FE2 /* CTCTContact.app */ = {isa = PBXFileReference; explicitFileType = wrapper.application; includeInIndex = 0; path = CTCTContact.app; sourceTree = BUILT_PRODUCTS_DIR; };
		B029C40317046F0F005B4FE2 /* UIKit.framework */ = {isa = PBXFileReference; lastKnownFileType = wrapper.framework; name = UIKit.framework; path = System/Library/Frameworks/UIKit.framework; sourceTree = SDKROOT; };
		B029C40517046F0F005B4FE2 /* Foundation.framework */ = {isa = PBXFileReference; lastKnownFileType = wrapper.framework; name = Foundation.framework; path = System/Library/Frameworks/Foundation.framework; sourceTree = SDKROOT; };
		B029C40717046F0F005B4FE2 /* CoreGraphics.framework */ = {isa = PBXFileReference; lastKnownFileType = wrapper.framework; name = CoreGraphics.framework; path = System/Library/Frameworks/CoreGraphics.framework; sourceTree = SDKROOT; };
		B029C40B17046F0F005B4FE2 /* CTCTContact-Info.plist */ = {isa = PBXFileReference; lastKnownFileType = text.plist.xml; path = "CTCTContact-Info.plist"; sourceTree = "<group>"; };
		B029C40D17046F0F005B4FE2 /* en */ = {isa = PBXFileReference; lastKnownFileType = text.plist.strings; name = en; path = en.lproj/InfoPlist.strings; sourceTree = "<group>"; };
		B029C40F17046F0F005B4FE2 /* main.m */ = {isa = PBXFileReference; lastKnownFileType = sourcecode.c.objc; path = main.m; sourceTree = "<group>"; };
		B029C41117046F0F005B4FE2 /* CTCTContact-Prefix.pch */ = {isa = PBXFileReference; lastKnownFileType = sourcecode.c.h; path = "CTCTContact-Prefix.pch"; sourceTree = "<group>"; };
		B029C41217046F0F005B4FE2 /* AppDelegate.h */ = {isa = PBXFileReference; lastKnownFileType = sourcecode.c.h; path = AppDelegate.h; sourceTree = "<group>"; };
		B029C41317046F0F005B4FE2 /* AppDelegate.m */ = {isa = PBXFileReference; lastKnownFileType = sourcecode.c.objc; path = AppDelegate.m; sourceTree = "<group>"; };
		B029C41517046F0F005B4FE2 /* Default.png */ = {isa = PBXFileReference; lastKnownFileType = image.png; path = Default.png; sourceTree = "<group>"; };
		B029C41717046F0F005B4FE2 /* Default@2x.png */ = {isa = PBXFileReference; lastKnownFileType = image.png; path = "Default@2x.png"; sourceTree = "<group>"; };
		B029C41917046F0F005B4FE2 /* Default-568h@2x.png */ = {isa = PBXFileReference; lastKnownFileType = image.png; path = "Default-568h@2x.png"; sourceTree = "<group>"; };
		B029C41B17046F0F005B4FE2 /* MainViewController.h */ = {isa = PBXFileReference; lastKnownFileType = sourcecode.c.h; path = MainViewController.h; sourceTree = "<group>"; };
		B029C41C17046F0F005B4FE2 /* MainViewController.m */ = {isa = PBXFileReference; lastKnownFileType = sourcecode.c.objc; path = MainViewController.m; sourceTree = "<group>"; };
		B029C41F17046F0F005B4FE2 /* en */ = {isa = PBXFileReference; lastKnownFileType = file.xib; name = en; path = en.lproj/MainViewController.xib; sourceTree = "<group>"; };
		B029C4B417047C09005B4FE2 /* LoadingView.h */ = {isa = PBXFileReference; fileEncoding = 4; lastKnownFileType = sourcecode.c.h; path = LoadingView.h; sourceTree = "<group>"; };
		B029C4B517047C0A005B4FE2 /* LoadingView.m */ = {isa = PBXFileReference; fileEncoding = 4; lastKnownFileType = sourcecode.c.objc; path = LoadingView.m; sourceTree = "<group>"; };
		B029C4B7170484A6005B4FE2 /* ContactViewController.m */ = {isa = PBXFileReference; fileEncoding = 4; lastKnownFileType = sourcecode.c.objc; path = ContactViewController.m; sourceTree = "<group>"; };
		B029C4B8170484A6005B4FE2 /* ContactViewController.xib */ = {isa = PBXFileReference; fileEncoding = 4; lastKnownFileType = file.xib; path = ContactViewController.xib; sourceTree = "<group>"; };
		B029C4B9170484A6005B4FE2 /* ContactViewController.h */ = {isa = PBXFileReference; fileEncoding = 4; lastKnownFileType = sourcecode.c.h; path = ContactViewController.h; sourceTree = "<group>"; };
		B029C4BC1704899A005B4FE2 /* ListsTableViewController.h */ = {isa = PBXFileReference; fileEncoding = 4; lastKnownFileType = sourcecode.c.h; path = ListsTableViewController.h; sourceTree = "<group>"; };
		B029C4BD1704899A005B4FE2 /* ListsTableViewController.m */ = {isa = PBXFileReference; fileEncoding = 4; lastKnownFileType = sourcecode.c.objc; path = ListsTableViewController.m; sourceTree = "<group>"; };
		B029C4BE1704899B005B4FE2 /* ListsTableViewController.xib */ = {isa = PBXFileReference; fileEncoding = 4; lastKnownFileType = file.xib; path = ListsTableViewController.xib; sourceTree = "<group>"; };
		B0F396E31729376200205B40 /* CTCTDataStore.h */ = {isa = PBXFileReference; fileEncoding = 4; lastKnownFileType = sourcecode.c.h; path = CTCTDataStore.h; sourceTree = "<group>"; };
		B0F396E41729376200205B40 /* CTCTDataStore.m */ = {isa = PBXFileReference; fileEncoding = 4; lastKnownFileType = sourcecode.c.objc; path = CTCTDataStore.m; sourceTree = "<group>"; };
		B0F396E51729376200205B40 /* CTCTLoginViewController.h */ = {isa = PBXFileReference; fileEncoding = 4; lastKnownFileType = sourcecode.c.h; path = CTCTLoginViewController.h; sourceTree = "<group>"; };
		B0F396E61729376200205B40 /* CTCTLoginViewController.m */ = {isa = PBXFileReference; fileEncoding = 4; lastKnownFileType = sourcecode.c.objc; path = CTCTLoginViewController.m; sourceTree = "<group>"; };
		B0F396E71729376200205B40 /* CTCTLoginViewController.xib */ = {isa = PBXFileReference; fileEncoding = 4; lastKnownFileType = file.xib; path = CTCTLoginViewController.xib; sourceTree = "<group>"; };
		B0F396EB1729376200205B40 /* Collection.h */ = {isa = PBXFileReference; fileEncoding = 4; lastKnownFileType = sourcecode.c.h; path = Collection.h; sourceTree = "<group>"; };
		B0F396EC1729376200205B40 /* Collection.m */ = {isa = PBXFileReference; fileEncoding = 4; lastKnownFileType = sourcecode.c.objc; path = Collection.m; sourceTree = "<group>"; };
		B0F396ED1729376200205B40 /* ContactsCollection.h */ = {isa = PBXFileReference; fileEncoding = 4; lastKnownFileType = sourcecode.c.h; path = ContactsCollection.h; sourceTree = "<group>"; };
		B0F396EE1729376200205B40 /* ContactsCollection.m */ = {isa = PBXFileReference; fileEncoding = 4; lastKnownFileType = sourcecode.c.objc; path = ContactsCollection.m; sourceTree = "<group>"; };
		B0F396EF1729376200205B40 /* ListsCollection.h */ = {isa = PBXFileReference; fileEncoding = 4; lastKnownFileType = sourcecode.c.h; path = ListsCollection.h; sourceTree = "<group>"; };
		B0F396F01729376200205B40 /* ListsCollection.m */ = {isa = PBXFileReference; fileEncoding = 4; lastKnownFileType = sourcecode.c.objc; path = ListsCollection.m; sourceTree = "<group>"; };
		B0F396F31729376200205B40 /* Activity.h */ = {isa = PBXFileReference; fileEncoding = 4; lastKnownFileType = sourcecode.c.h; path = Activity.h; sourceTree = "<group>"; };
		B0F396F41729376200205B40 /* Activity.m */ = {isa = PBXFileReference; fileEncoding = 4; lastKnownFileType = sourcecode.c.objc; path = Activity.m; sourceTree = "<group>"; };
		B0F396F51729376200205B40 /* ActivityError.h */ = {isa = PBXFileReference; fileEncoding = 4; lastKnownFileType = sourcecode.c.h; path = ActivityError.h; sourceTree = "<group>"; };
		B0F396F61729376200205B40 /* ActivityError.m */ = {isa = PBXFileReference; fileEncoding = 4; lastKnownFileType = sourcecode.c.objc; path = ActivityError.m; sourceTree = "<group>"; };
		B0F396F71729376200205B40 /* AddContacts.h */ = {isa = PBXFileReference; fileEncoding = 4; lastKnownFileType = sourcecode.c.h; path = AddContacts.h; sourceTree = "<group>"; };
		B0F396F81729376200205B40 /* AddContacts.m */ = {isa = PBXFileReference; fileEncoding = 4; lastKnownFileType = sourcecode.c.objc; path = AddContacts.m; sourceTree = "<group>"; };
		B0F396F91729376200205B40 /* AddContactsImportData.h */ = {isa = PBXFileReference; fileEncoding = 4; lastKnownFileType = sourcecode.c.h; path = AddContactsImportData.h; sourceTree = "<group>"; };
		B0F396FA1729376200205B40 /* AddContactsImportData.m */ = {isa = PBXFileReference; fileEncoding = 4; lastKnownFileType = sourcecode.c.objc; path = AddContactsImportData.m; sourceTree = "<group>"; };
		B0F396FB1729376200205B40 /* ExportContacts.h */ = {isa = PBXFileReference; fileEncoding = 4; lastKnownFileType = sourcecode.c.h; path = ExportContacts.h; sourceTree = "<group>"; };
		B0F396FC1729376200205B40 /* ExportContacts.m */ = {isa = PBXFileReference; fileEncoding = 4; lastKnownFileType = sourcecode.c.objc; path = ExportContacts.m; sourceTree = "<group>"; };
		B0F396FD1729376200205B40 /* Component.h */ = {isa = PBXFileReference; fileEncoding = 4; lastKnownFileType = sourcecode.c.h; path = Component.h; sourceTree = "<group>"; };
		B0F396FE1729376200205B40 /* Component.m */ = {isa = PBXFileReference; fileEncoding = 4; lastKnownFileType = sourcecode.c.objc; path = Component.m; sourceTree = "<group>"; };
		B0F397001729376200205B40 /* Address.h */ = {isa = PBXFileReference; fileEncoding = 4; lastKnownFileType = sourcecode.c.h; path = Address.h; sourceTree = "<group>"; };
		B0F397011729376200205B40 /* Address.m */ = {isa = PBXFileReference; fileEncoding = 4; lastKnownFileType = sourcecode.c.objc; path = Address.m; sourceTree = "<group>"; };
		B0F397021729376200205B40 /* Contact.h */ = {isa = PBXFileReference; fileEncoding = 4; lastKnownFileType = sourcecode.c.h; path = Contact.h; sourceTree = "<group>"; };
		B0F397031729376200205B40 /* Contact.m */ = {isa = PBXFileReference; fileEncoding = 4; lastKnownFileType = sourcecode.c.objc; path = Contact.m; sourceTree = "<group>"; };
		B0F397041729376200205B40 /* ContactList.h */ = {isa = PBXFileReference; fileEncoding = 4; lastKnownFileType = sourcecode.c.h; path = ContactList.h; sourceTree = "<group>"; };
		B0F397051729376200205B40 /* ContactList.m */ = {isa = PBXFileReference; fileEncoding = 4; lastKnownFileType = sourcecode.c.objc; path = ContactList.m; sourceTree = "<group>"; };
		B0F397061729376200205B40 /* CustomField.h */ = {isa = PBXFileReference; fileEncoding = 4; lastKnownFileType = sourcecode.c.h; path = CustomField.h; sourceTree = "<group>"; };
		B0F397071729376200205B40 /* CustomField.m */ = {isa = PBXFileReference; fileEncoding = 4; lastKnownFileType = sourcecode.c.objc; path = CustomField.m; sourceTree = "<group>"; };
		B0F397081729376200205B40 /* EmailAddress.h */ = {isa = PBXFileReference; fileEncoding = 4; lastKnownFileType = sourcecode.c.h; path = EmailAddress.h; sourceTree = "<group>"; };
		B0F397091729376200205B40 /* EmailAddress.m */ = {isa = PBXFileReference; fileEncoding = 4; lastKnownFileType = sourcecode.c.objc; path = EmailAddress.m; sourceTree = "<group>"; };
		B0F3970A1729376200205B40 /* Note.h */ = {isa = PBXFileReference; fileEncoding = 4; lastKnownFileType = sourcecode.c.h; path = Note.h; sourceTree = "<group>"; };
		B0F3970B1729376200205B40 /* Note.m */ = {isa = PBXFileReference; fileEncoding = 4; lastKnownFileType = sourcecode.c.objc; path = Note.m; sourceTree = "<group>"; };
		B0F3970D1729376200205B40 /* ClickThroughDetails.h */ = {isa = PBXFileReference; fileEncoding = 4; lastKnownFileType = sourcecode.c.h; path = ClickThroughDetails.h; sourceTree = "<group>"; };
		B0F3970E1729376200205B40 /* ClickThroughDetails.m */ = {isa = PBXFileReference; fileEncoding = 4; lastKnownFileType = sourcecode.c.objc; path = ClickThroughDetails.m; sourceTree = "<group>"; };
		B0F3970F1729376200205B40 /* EmailCampaign.h */ = {isa = PBXFileReference; fileEncoding = 4; lastKnownFileType = sourcecode.c.h; path = EmailCampaign.h; sourceTree = "<group>"; };
		B0F397101729376200205B40 /* EmailCampaign.m */ = {isa = PBXFileReference; fileEncoding = 4; lastKnownFileType = sourcecode.c.objc; path = EmailCampaign.m; sourceTree = "<group>"; };
		B0F397111729376200205B40 /* MessageFooter.h */ = {isa = PBXFileReference; fileEncoding = 4; lastKnownFileType = sourcecode.c.h; path = MessageFooter.h; sourceTree = "<group>"; };
		B0F397121729376200205B40 /* MessageFooter.m */ = {isa = PBXFileReference; fileEncoding = 4; lastKnownFileType = sourcecode.c.objc; path = MessageFooter.m; sourceTree = "<group>"; };
		B0F397131729376200205B40 /* Schedule.h */ = {isa = PBXFileReference; fileEncoding = 4; lastKnownFileType = sourcecode.c.h; path = Schedule.h; sourceTree = "<group>"; };
		B0F397141729376200205B40 /* Schedule.m */ = {isa = PBXFileReference; fileEncoding = 4; lastKnownFileType = sourcecode.c.objc; path = Schedule.m; sourceTree = "<group>"; };
		B0F397151729376200205B40 /* TestSend.h */ = {isa = PBXFileReference; fileEncoding = 4; lastKnownFileType = sourcecode.c.h; path = TestSend.h; sourceTree = "<group>"; };
		B0F397161729376200205B40 /* TestSend.m */ = {isa = PBXFileReference; fileEncoding = 4; lastKnownFileType = sourcecode.c.objc; path = TestSend.m; sourceTree = "<group>"; };
		B0F397171729376200205B40 /* ResultSet.h */ = {isa = PBXFileReference; fileEncoding = 4; lastKnownFileType = sourcecode.c.h; path = ResultSet.h; sourceTree = "<group>"; };
		B0F397181729376200205B40 /* ResultSet.m */ = {isa = PBXFileReference; fileEncoding = 4; lastKnownFileType = sourcecode.c.objc; path = ResultSet.m; sourceTree = "<group>"; };
		B0F3971A1729376200205B40 /* BounceActivity.h */ = {isa = PBXFileReference; fileEncoding = 4; lastKnownFileType = sourcecode.c.h; path = BounceActivity.h; sourceTree = "<group>"; };
		B0F3971B1729376200205B40 /* BounceActivity.m */ = {isa = PBXFileReference; fileEncoding = 4; lastKnownFileType = sourcecode.c.objc; path = BounceActivity.m; sourceTree = "<group>"; };
		B0F3971C1729376200205B40 /* ClickActivity.h */ = {isa = PBXFileReference; fileEncoding = 4; lastKnownFileType = sourcecode.c.h; path = ClickActivity.h; sourceTree = "<group>"; };
		B0F3971D1729376200205B40 /* ClickActivity.m */ = {isa = PBXFileReference; fileEncoding = 4; lastKnownFileType = sourcecode.c.objc; path = ClickActivity.m; sourceTree = "<group>"; };
		B0F3971E1729376200205B40 /* ForwardActivity.h */ = {isa = PBXFileReference; fileEncoding = 4; lastKnownFileType = sourcecode.c.h; path = ForwardActivity.h; sourceTree = "<group>"; };
		B0F3971F1729376200205B40 /* ForwardActivity.m */ = {isa = PBXFileReference; fileEncoding = 4; lastKnownFileType = sourcecode.c.objc; path = ForwardActivity.m; sourceTree = "<group>"; };
		B0F397201729376200205B40 /* OpenActivity.h */ = {isa = PBXFileReference; fileEncoding = 4; lastKnownFileType = sourcecode.c.h; path = OpenActivity.h; sourceTree = "<group>"; };
		B0F397211729376200205B40 /* OpenActivity.m */ = {isa = PBXFileReference; fileEncoding = 4; lastKnownFileType = sourcecode.c.objc; path = OpenActivity.m; sourceTree = "<group>"; };
		B0F397221729376200205B40 /* OptOutActivity.h */ = {isa = PBXFileReference; fileEncoding = 4; lastKnownFileType = sourcecode.c.h; path = OptOutActivity.h; sourceTree = "<group>"; };
		B0F397231729376200205B40 /* OptOutActivity.m */ = {isa = PBXFileReference; fileEncoding = 4; lastKnownFileType = sourcecode.c.objc; path = OptOutActivity.m; sourceTree = "<group>"; };
		B0F397241729376200205B40 /* SendActivity.h */ = {isa = PBXFileReference; fileEncoding = 4; lastKnownFileType = sourcecode.c.h; path = SendActivity.h; sourceTree = "<group>"; };
		B0F397251729376200205B40 /* SendActivity.m */ = {isa = PBXFileReference; fileEncoding = 4; lastKnownFileType = sourcecode.c.objc; path = SendActivity.m; sourceTree = "<group>"; };
		B0F397261729376200205B40 /* TrackingActivity.h */ = {isa = PBXFileReference; fileEncoding = 4; lastKnownFileType = sourcecode.c.h; path = TrackingActivity.h; sourceTree = "<group>"; };
		B0F397271729376200205B40 /* TrackingActivity.m */ = {isa = PBXFileReference; fileEncoding = 4; lastKnownFileType = sourcecode.c.objc; path = TrackingActivity.m; sourceTree = "<group>"; };
		B0F397281729376200205B40 /* TrackingSummary.h */ = {isa = PBXFileReference; fileEncoding = 4; lastKnownFileType = sourcecode.c.h; path = TrackingSummary.h; sourceTree = "<group>"; };
		B0F397291729376200205B40 /* TrackingSummary.m */ = {isa = PBXFileReference; fileEncoding = 4; lastKnownFileType = sourcecode.c.objc; path = TrackingSummary.m; sourceTree = "<group>"; };
		B0F3972B1729376200205B40 /* Config.h */ = {isa = PBXFileReference; fileEncoding = 4; lastKnownFileType = sourcecode.c.h; path = Config.h; sourceTree = "<group>"; };
		B0F3972C1729376200205B40 /* Config.m */ = {isa = PBXFileReference; fileEncoding = 4; lastKnownFileType = sourcecode.c.objc; path = Config.m; sourceTree = "<group>"; };
		B0F3972D1729376200205B40 /* Config.plist */ = {isa = PBXFileReference; fileEncoding = 4; lastKnownFileType = text.plist.xml; path = Config.plist; sourceTree = "<group>"; };
		B0F397301729376200205B40 /* HttpError.h */ = {isa = PBXFileReference; fileEncoding = 4; lastKnownFileType = sourcecode.c.h; path = HttpError.h; sourceTree = "<group>"; };
		B0F397311729376200205B40 /* HttpError.m */ = {isa = PBXFileReference; fileEncoding = 4; lastKnownFileType = sourcecode.c.objc; path = HttpError.m; sourceTree = "<group>"; };
		B0F397321729376200205B40 /* HttpRequest.h */ = {isa = PBXFileReference; fileEncoding = 4; lastKnownFileType = sourcecode.c.h; path = HttpRequest.h; sourceTree = "<group>"; };
		B0F397331729376200205B40 /* HttpRequest.m */ = {isa = PBXFileReference; fileEncoding = 4; lastKnownFileType = sourcecode.c.objc; path = HttpRequest.m; sourceTree = "<group>"; };
		B0F397341729376200205B40 /* HttpResponse.h */ = {isa = PBXFileReference; fileEncoding = 4; lastKnownFileType = sourcecode.c.h; path = HttpResponse.h; sourceTree = "<group>"; };
		B0F397351729376200205B40 /* HttpResponse.m */ = {isa = PBXFileReference; fileEncoding = 4; lastKnownFileType = sourcecode.c.objc; path = HttpResponse.m; sourceTree = "<group>"; };
		B0F397371729376200205B40 /* ActivityService.h */ = {isa = PBXFileReference; fileEncoding = 4; lastKnownFileType = sourcecode.c.h; path = ActivityService.h; sourceTree = "<group>"; };
		B0F397381729376200205B40 /* ActivityService.m */ = {isa = PBXFileReference; fileEncoding = 4; lastKnownFileType = sourcecode.c.objc; path = ActivityService.m; sourceTree = "<group>"; };
		B0F397391729376200205B40 /* CampaignScheduleService.h */ = {isa = PBXFileReference; fileEncoding = 4; lastKnownFileType = sourcecode.c.h; path = CampaignScheduleService.h; sourceTree = "<group>"; };
		B0F3973A1729376200205B40 /* CampaignScheduleService.m */ = {isa = PBXFileReference; fileEncoding = 4; lastKnownFileType = sourcecode.c.objc; path = CampaignScheduleService.m; sourceTree = "<group>"; };
		B0F3973B1729376200205B40 /* CampaignTrackingService.h */ = {isa = PBXFileReference; fileEncoding = 4; lastKnownFileType = sourcecode.c.h; path = CampaignTrackingService.h; sourceTree = "<group>"; };
		B0F3973C1729376200205B40 /* CampaignTrackingService.m */ = {isa = PBXFileReference; fileEncoding = 4; lastKnownFileType = sourcecode.c.objc; path = CampaignTrackingService.m; sourceTree = "<group>"; };
		B0F3973D1729376200205B40 /* ContactTrackingService.h */ = {isa = PBXFileReference; fileEncoding = 4; lastKnownFileType = sourcecode.c.h; path = ContactTrackingService.h; sourceTree = "<group>"; };
		B0F3973E1729376200205B40 /* ContactTrackingService.m */ = {isa = PBXFileReference; fileEncoding = 4; lastKnownFileType = sourcecode.c.objc; path = ContactTrackingService.m; sourceTree = "<group>"; };
		B0F3973F1729376200205B40 /* EmailCampaignService.h */ = {isa = PBXFileReference; fileEncoding = 4; lastKnownFileType = sourcecode.c.h; path = EmailCampaignService.h; sourceTree = "<group>"; };
		B0F397401729376200205B40 /* EmailCampaignService.m */ = {isa = PBXFileReference; fileEncoding = 4; lastKnownFileType = sourcecode.c.objc; path = EmailCampaignService.m; sourceTree = "<group>"; };
		B0F397411729376200205B40 /* VerifiedEmailAddresses.h */ = {isa = PBXFileReference; fileEncoding = 4; lastKnownFileType = sourcecode.c.h; path = VerifiedEmailAddresses.h; sourceTree = "<group>"; };
		B0F397421729376200205B40 /* VerifiedEmailAddresses.m */ = {isa = PBXFileReference; fileEncoding = 4; lastKnownFileType = sourcecode.c.objc; path = VerifiedEmailAddresses.m; sourceTree = "<group>"; };
		B0F397441729376200205B40 /* CTCTGlobal.h */ = {isa = PBXFileReference; fileEncoding = 4; lastKnownFileType = sourcecode.c.h; path = CTCTGlobal.h; sourceTree = "<group>"; };
		B0F397451729376200205B40 /* CTCTGlobal.m */ = {isa = PBXFileReference; fileEncoding = 4; lastKnownFileType = sourcecode.c.objc; path = CTCTGlobal.m; sourceTree = "<group>"; };
		C3709BF41827A9170072CA14 /* FileMoved.h */ = {isa = PBXFileReference; fileEncoding = 4; lastKnownFileType = sourcecode.c.h; path = FileMoved.h; sourceTree = "<group>"; };
		C3709BF51827A9170072CA14 /* FileMoved.m */ = {isa = PBXFileReference; fileEncoding = 4; lastKnownFileType = sourcecode.c.objc; path = FileMoved.m; sourceTree = "<group>"; };
		C3709BF61827A9170072CA14 /* FileUploadStatus.h */ = {isa = PBXFileReference; fileEncoding = 4; lastKnownFileType = sourcecode.c.h; path = FileUploadStatus.h; sourceTree = "<group>"; };
		C3709BF71827A9170072CA14 /* FileUploadStatus.m */ = {isa = PBXFileReference; fileEncoding = 4; lastKnownFileType = sourcecode.c.objc; path = FileUploadStatus.m; sourceTree = "<group>"; };
		C3709BFB1827A9250072CA14 /* LibraryFile.h */ = {isa = PBXFileReference; fileEncoding = 4; lastKnownFileType = sourcecode.c.h; path = LibraryFile.h; sourceTree = "<group>"; };
		C3709BFC1827A9250072CA14 /* LibraryFile.m */ = {isa = PBXFileReference; fileEncoding = 4; lastKnownFileType = sourcecode.c.objc; path = LibraryFile.m; sourceTree = "<group>"; };
		C3709BFD1827A9250072CA14 /* LibraryFolder.h */ = {isa = PBXFileReference; fileEncoding = 4; lastKnownFileType = sourcecode.c.h; path = LibraryFolder.h; sourceTree = "<group>"; };
		C3709BFE1827A9250072CA14 /* LibraryFolder.m */ = {isa = PBXFileReference; fileEncoding = 4; lastKnownFileType = sourcecode.c.objc; path = LibraryFolder.m; sourceTree = "<group>"; };
		C3709BFF1827A9250072CA14 /* LibrarySummary.h */ = {isa = PBXFileReference; fileEncoding = 4; lastKnownFileType = sourcecode.c.h; path = LibrarySummary.h; sourceTree = "<group>"; };
		C3709C001827A9250072CA14 /* LibrarySummary.m */ = {isa = PBXFileReference; fileEncoding = 4; lastKnownFileType = sourcecode.c.objc; path = LibrarySummary.m; sourceTree = "<group>"; };
		C3709C011827A9250072CA14 /* Thumbnail.h */ = {isa = PBXFileReference; fileEncoding = 4; lastKnownFileType = sourcecode.c.h; path = Thumbnail.h; sourceTree = "<group>"; };
		C3709C021827A9250072CA14 /* Thumbnail.m */ = {isa = PBXFileReference; fileEncoding = 4; lastKnownFileType = sourcecode.c.objc; path = Thumbnail.m; sourceTree = "<group>"; };
		C3709C031827A9250072CA14 /* UsageSummary.h */ = {isa = PBXFileReference; fileEncoding = 4; lastKnownFileType = sourcecode.c.h; path = UsageSummary.h; sourceTree = "<group>"; };
		C3709C041827A9250072CA14 /* UsageSummary.m */ = {isa = PBXFileReference; fileEncoding = 4; lastKnownFileType = sourcecode.c.objc; path = UsageSummary.m; sourceTree = "<group>"; };
		C3709C0A1827A9E90072CA14 /* MyLibraryFilesService.h */ = {isa = PBXFileReference; fileEncoding = 4; lastKnownFileType = sourcecode.c.h; path = MyLibraryFilesService.h; sourceTree = "<group>"; };
		C3709C0B1827A9E90072CA14 /* MyLibraryFilesService.m */ = {isa = PBXFileReference; fileEncoding = 4; lastKnownFileType = sourcecode.c.objc; path = MyLibraryFilesService.m; sourceTree = "<group>"; };
		C3709C0C1827A9E90072CA14 /* MyLibraryFoldersService.h */ = {isa = PBXFileReference; fileEncoding = 4; lastKnownFileType = sourcecode.c.h; path = MyLibraryFoldersService.h; sourceTree = "<group>"; };
		C3709C0D1827A9E90072CA14 /* MyLibraryFoldersService.m */ = {isa = PBXFileReference; fileEncoding = 4; lastKnownFileType = sourcecode.c.objc; path = MyLibraryFoldersService.m; sourceTree = "<group>"; };
		C398C0BE18101ACA00E54CAE /* AllActivites.h */ = {isa = PBXFileReference; fileEncoding = 4; lastKnownFileType = sourcecode.c.h; path = AllActivites.h; sourceTree = "<group>"; };
		C398C0BF18101ACA00E54CAE /* AllActivites.m */ = {isa = PBXFileReference; fileEncoding = 4; lastKnownFileType = sourcecode.c.objc; path = AllActivites.m; sourceTree = "<group>"; };
		C398C0C018101ACA00E54CAE /* EmailSortedActivity.h */ = {isa = PBXFileReference; fileEncoding = 4; lastKnownFileType = sourcecode.c.h; path = EmailSortedActivity.h; sourceTree = "<group>"; };
		C398C0C118101ACA00E54CAE /* EmailSortedActivity.m */ = {isa = PBXFileReference; fileEncoding = 4; lastKnownFileType = sourcecode.c.objc; path = EmailSortedActivity.m; sourceTree = "<group>"; };
		C39BE3F018A283D2009589A5 /* EventSpotService.h */ = {isa = PBXFileReference; fileEncoding = 4; lastKnownFileType = sourcecode.c.h; path = EventSpotService.h; sourceTree = "<group>"; };
		C39BE3F118A283D2009589A5 /* EventSpotService.m */ = {isa = PBXFileReference; fileEncoding = 4; lastKnownFileType = sourcecode.c.objc; path = EventSpotService.m; sourceTree = "<group>"; };
		C39BE3F518A283EE009589A5 /* EventCurrencyTypeEnum.h */ = {isa = PBXFileReference; fileEncoding = 4; lastKnownFileType = sourcecode.c.h; path = EventCurrencyTypeEnum.h; sourceTree = "<group>"; };
		C39BE3F618A283EE009589A5 /* EventCurrencyTypeEnum.m */ = {isa = PBXFileReference; fileEncoding = 4; lastKnownFileType = sourcecode.c.objc; path = EventCurrencyTypeEnum.m; sourceTree = "<group>"; };
		C39BE3F718A283EE009589A5 /* EventInformationSectionsEnum.h */ = {isa = PBXFileReference; fileEncoding = 4; lastKnownFileType = sourcecode.c.h; path = EventInformationSectionsEnum.h; sourceTree = "<group>"; };
		C39BE3F818A283EE009589A5 /* EventInformationSectionsEnum.m */ = {isa = PBXFileReference; fileEncoding = 4; lastKnownFileType = sourcecode.c.objc; path = EventInformationSectionsEnum.m; sourceTree = "<group>"; };
		C39BE3F918A283EE009589A5 /* EventPatchOpEnum.h */ = {isa = PBXFileReference; fileEncoding = 4; lastKnownFileType = sourcecode.c.h; path = EventPatchOpEnum.h; sourceTree = "<group>"; };
		C39BE3FA18A283EE009589A5 /* EventPatchOpEnum.m */ = {isa = PBXFileReference; fileEncoding = 4; lastKnownFileType = sourcecode.c.objc; path = EventPatchOpEnum.m; sourceTree = "<group>"; };
		C39BE3FB18A283EE009589A5 /* EventPatchStatusEnum.h */ = {isa = PBXFileReference; fileEncoding = 4; lastKnownFileType = sourcecode.c.h; path = EventPatchStatusEnum.h; sourceTree = "<group>"; };
		C39BE3FC18A283EE009589A5 /* EventPatchStatusEnum.m */ = {isa = PBXFileReference; fileEncoding = 4; lastKnownFileType = sourcecode.c.objc; path = EventPatchStatusEnum.m; sourceTree = "<group>"; };
		C39BE3FD18A283EE009589A5 /* EventPatchValueEnum.h */ = {isa = PBXFileReference; fileEncoding = 4; lastKnownFileType = sourcecode.c.h; path = EventPatchValueEnum.h; sourceTree = "<group>"; };
		C39BE3FE18A283EE009589A5 /* EventPatchValueEnum.m */ = {isa = PBXFileReference; fileEncoding = 4; lastKnownFileType = sourcecode.c.objc; path = EventPatchValueEnum.m; sourceTree = "<group>"; };
		C39BE3FF18A283EE009589A5 /* EventPaymentTypeEnum.h */ = {isa = PBXFileReference; fileEncoding = 4; lastKnownFileType = sourcecode.c.h; path = EventPaymentTypeEnum.h; sourceTree = "<group>"; };
		C39BE40018A283EE009589A5 /* EventPaymentTypeEnum.m */ = {isa = PBXFileReference; fileEncoding = 4; lastKnownFileType = sourcecode.c.objc; path = EventPaymentTypeEnum.m; sourceTree = "<group>"; };
		C39BE40118A283EE009589A5 /* EventRegistrantAttendanceStatusEnum.h */ = {isa = PBXFileReference; fileEncoding = 4; lastKnownFileType = sourcecode.c.h; path = EventRegistrantAttendanceStatusEnum.h; sourceTree = "<group>"; };
		C39BE40218A283EE009589A5 /* EventRegistrantAttendanceStatusEnum.m */ = {isa = PBXFileReference; fileEncoding = 4; lastKnownFileType = sourcecode.c.objc; path = EventRegistrantAttendanceStatusEnum.m; sourceTree = "<group>"; };
		C39BE40318A283EE009589A5 /* EventRegistrantDiscountScopeEnum.h */ = {isa = PBXFileReference; fileEncoding = 4; lastKnownFileType = sourcecode.c.h; path = EventRegistrantDiscountScopeEnum.h; sourceTree = "<group>"; };
		C39BE40418A283EE009589A5 /* EventRegistrantDiscountScopeEnum.m */ = {isa = PBXFileReference; fileEncoding = 4; lastKnownFileType = sourcecode.c.objc; path = EventRegistrantDiscountScopeEnum.m; sourceTree = "<group>"; };
		C39BE40518A283EE009589A5 /* EventRegistrantPaymentTypeEnum.h */ = {isa = PBXFileReference; fileEncoding = 4; lastKnownFileType = sourcecode.c.h; path = EventRegistrantPaymentTypeEnum.h; sourceTree = "<group>"; };
		C39BE40618A283EE009589A5 /* EventRegistrantPaymentTypeEnum.m */ = {isa = PBXFileReference; fileEncoding = 4; lastKnownFileType = sourcecode.c.objc; path = EventRegistrantPaymentTypeEnum.m; sourceTree = "<group>"; };
		C39BE40718A283EE009589A5 /* EventRegistrantSectionsFieldTypeEnum.h */ = {isa = PBXFileReference; fileEncoding = 4; lastKnownFileType = sourcecode.c.h; path = EventRegistrantSectionsFieldTypeEnum.h; sourceTree = "<group>"; };
		C39BE40818A283EE009589A5 /* EventRegistrantSectionsFieldTypeEnum.m */ = {isa = PBXFileReference; fileEncoding = 4; lastKnownFileType = sourcecode.c.objc; path = EventRegistrantSectionsFieldTypeEnum.m; sourceTree = "<group>"; };
		C39BE40918A283EE009589A5 /* EventStatusEnum.h */ = {isa = PBXFileReference; fileEncoding = 4; lastKnownFileType = sourcecode.c.h; path = EventStatusEnum.h; sourceTree = "<group>"; };
		C39BE40A18A283EE009589A5 /* EventStatusEnum.m */ = {isa = PBXFileReference; fileEncoding = 4; lastKnownFileType = sourcecode.c.objc; path = EventStatusEnum.m; sourceTree = "<group>"; };
		C39BE40B18A283EE009589A5 /* EventTypeEnum.h */ = {isa = PBXFileReference; fileEncoding = 4; lastKnownFileType = sourcecode.c.h; path = EventTypeEnum.h; sourceTree = "<group>"; };
		C39BE40C18A283EE009589A5 /* EventTypeEnum.m */ = {isa = PBXFileReference; fileEncoding = 4; lastKnownFileType = sourcecode.c.objc; path = EventTypeEnum.m; sourceTree = "<group>"; };
		C39BE40D18A283EE009589A5 /* FeeScopeEnum.h */ = {isa = PBXFileReference; fileEncoding = 4; lastKnownFileType = sourcecode.c.h; path = FeeScopeEnum.h; sourceTree = "<group>"; };
		C39BE40E18A283EE009589A5 /* FeeScopeEnum.m */ = {isa = PBXFileReference; fileEncoding = 4; lastKnownFileType = sourcecode.c.objc; path = FeeScopeEnum.m; sourceTree = "<group>"; };
		C39BE40F18A283EE009589A5 /* PromocodeCodeTypeEnum.h */ = {isa = PBXFileReference; fileEncoding = 4; lastKnownFileType = sourcecode.c.h; path = PromocodeCodeTypeEnum.h; sourceTree = "<group>"; };
		C39BE41018A283EE009589A5 /* PromocodeCodeTypeEnum.m */ = {isa = PBXFileReference; fileEncoding = 4; lastKnownFileType = sourcecode.c.objc; path = PromocodeCodeTypeEnum.m; sourceTree = "<group>"; };
		C39BE41118A283EE009589A5 /* PromocodeDiscountScopeEnum.h */ = {isa = PBXFileReference; fileEncoding = 4; lastKnownFileType = sourcecode.c.h; path = PromocodeDiscountScopeEnum.h; sourceTree = "<group>"; };
		C39BE41218A283EE009589A5 /* PromocodeDiscountScopeEnum.m */ = {isa = PBXFileReference; fileEncoding = 4; lastKnownFileType = sourcecode.c.objc; path = PromocodeDiscountScopeEnum.m; sourceTree = "<group>"; };
		C39BE41318A283EE009589A5 /* PromocodeDiscountTypeEnum.h */ = {isa = PBXFileReference; fileEncoding = 4; lastKnownFileType = sourcecode.c.h; path = PromocodeDiscountTypeEnum.h; sourceTree = "<group>"; };
		C39BE41418A283EE009589A5 /* PromocodeDiscountTypeEnum.m */ = {isa = PBXFileReference; fileEncoding = 4; lastKnownFileType = sourcecode.c.objc; path = PromocodeDiscountTypeEnum.m; sourceTree = "<group>"; };
		C39BE41518A283EE009589A5 /* PromocodeStatusEnum.h */ = {isa = PBXFileReference; fileEncoding = 4; lastKnownFileType = sourcecode.c.h; path = PromocodeStatusEnum.h; sourceTree = "<group>"; };
		C39BE41618A283EE009589A5 /* PromocodeStatusEnum.m */ = {isa = PBXFileReference; fileEncoding = 4; lastKnownFileType = sourcecode.c.objc; path = PromocodeStatusEnum.m; sourceTree = "<group>"; };
		C39BE41718A283EE009589A5 /* Event.h */ = {isa = PBXFileReference; fileEncoding = 4; lastKnownFileType = sourcecode.c.h; path = Event.h; sourceTree = "<group>"; };
		C39BE41818A283EE009589A5 /* Event.m */ = {isa = PBXFileReference; fileEncoding = 4; lastKnownFileType = sourcecode.c.objc; path = Event.m; sourceTree = "<group>"; };
		C39BE41918A283EE009589A5 /* EventAddress.h */ = {isa = PBXFileReference; fileEncoding = 4; lastKnownFileType = sourcecode.c.h; path = EventAddress.h; sourceTree = "<group>"; };
		C39BE41A18A283EE009589A5 /* EventAddress.m */ = {isa = PBXFileReference; fileEncoding = 4; lastKnownFileType = sourcecode.c.objc; path = EventAddress.m; sourceTree = "<group>"; };
		C39BE41B18A283EE009589A5 /* EventContact.h */ = {isa = PBXFileReference; fileEncoding = 4; lastKnownFileType = sourcecode.c.h; path = EventContact.h; sourceTree = "<group>"; };
		C39BE41C18A283EE009589A5 /* EventContact.m */ = {isa = PBXFileReference; fileEncoding = 4; lastKnownFileType = sourcecode.c.objc; path = EventContact.m; sourceTree = "<group>"; };
		C39BE41D18A283EE009589A5 /* EventExtended.h */ = {isa = PBXFileReference; fileEncoding = 4; lastKnownFileType = sourcecode.c.h; path = EventExtended.h; sourceTree = "<group>"; };
		C39BE41E18A283EE009589A5 /* EventExtended.m */ = {isa = PBXFileReference; fileEncoding = 4; lastKnownFileType = sourcecode.c.objc; path = EventExtended.m; sourceTree = "<group>"; };
		C39BE41F18A283EE009589A5 /* EventFee.h */ = {isa = PBXFileReference; fileEncoding = 4; lastKnownFileType = sourcecode.c.h; path = EventFee.h; sourceTree = "<group>"; };
		C39BE42018A283EE009589A5 /* EventFee.m */ = {isa = PBXFileReference; fileEncoding = 4; lastKnownFileType = sourcecode.c.objc; path = EventFee.m; sourceTree = "<group>"; };
		C39BE42118A283EE009589A5 /* EventItem.h */ = {isa = PBXFileReference; fileEncoding = 4; lastKnownFileType = sourcecode.c.h; path = EventItem.h; sourceTree = "<group>"; };
		C39BE42218A283EE009589A5 /* EventItem.m */ = {isa = PBXFileReference; fileEncoding = 4; lastKnownFileType = sourcecode.c.objc; path = EventItem.m; sourceTree = "<group>"; };
		C39BE42318A283EE009589A5 /* EventItemAttribute.h */ = {isa = PBXFileReference; fileEncoding = 4; lastKnownFileType = sourcecode.c.h; path = EventItemAttribute.h; sourceTree = "<group>"; };
		C39BE42418A283EE009589A5 /* EventItemAttribute.m */ = {isa = PBXFileReference; fileEncoding = 4; lastKnownFileType = sourcecode.c.objc; path = EventItemAttribute.m; sourceTree = "<group>"; };
		C39BE42518A283EE009589A5 /* EventNotificationOptions.h */ = {isa = PBXFileReference; fileEncoding = 4; lastKnownFileType = sourcecode.c.h; path = EventNotificationOptions.h; sourceTree = "<group>"; };
		C39BE42618A283EE009589A5 /* EventNotificationOptions.m */ = {isa = PBXFileReference; fileEncoding = 4; lastKnownFileType = sourcecode.c.objc; path = EventNotificationOptions.m; sourceTree = "<group>"; };
		C39BE42718A283EE009589A5 /* EventOnlineMeeting.h */ = {isa = PBXFileReference; fileEncoding = 4; lastKnownFileType = sourcecode.c.h; path = EventOnlineMeeting.h; sourceTree = "<group>"; };
		C39BE42818A283EE009589A5 /* EventOnlineMeeting.m */ = {isa = PBXFileReference; fileEncoding = 4; lastKnownFileType = sourcecode.c.objc; path = EventOnlineMeeting.m; sourceTree = "<group>"; };
		C39BE42918A283EE009589A5 /* EventPatch.h */ = {isa = PBXFileReference; fileEncoding = 4; lastKnownFileType = sourcecode.c.h; path = EventPatch.h; sourceTree = "<group>"; };
		C39BE42A18A283EE009589A5 /* EventPatch.m */ = {isa = PBXFileReference; fileEncoding = 4; lastKnownFileType = sourcecode.c.objc; path = EventPatch.m; sourceTree = "<group>"; };
		C39BE42C18A283EE009589A5 /* EventPromocode.h */ = {isa = PBXFileReference; fileEncoding = 4; lastKnownFileType = sourcecode.c.h; path = EventPromocode.h; sourceTree = "<group>"; };
		C39BE42D18A283EE009589A5 /* EventPromocode.m */ = {isa = PBXFileReference; fileEncoding = 4; lastKnownFileType = sourcecode.c.objc; path = EventPromocode.m; sourceTree = "<group>"; };
		C39BE42E18A283EE009589A5 /* EventRegistrant.h */ = {isa = PBXFileReference; fileEncoding = 4; lastKnownFileType = sourcecode.c.h; path = EventRegistrant.h; sourceTree = "<group>"; };
		C39BE42F18A283EE009589A5 /* EventRegistrant.m */ = {isa = PBXFileReference; fileEncoding = 4; lastKnownFileType = sourcecode.c.objc; path = EventRegistrant.m; sourceTree = "<group>"; };
		C39BE43018A283EE009589A5 /* EventRegistrantExtended.h */ = {isa = PBXFileReference; fileEncoding = 4; lastKnownFileType = sourcecode.c.h; path = EventRegistrantExtended.h; sourceTree = "<group>"; };
		C39BE43118A283EE009589A5 /* EventRegistrantExtended.m */ = {isa = PBXFileReference; fileEncoding = 4; lastKnownFileType = sourcecode.c.objc; path = EventRegistrantExtended.m; sourceTree = "<group>"; };
		C39BE43218A283EE009589A5 /* EventTrackInformation.h */ = {isa = PBXFileReference; fileEncoding = 4; lastKnownFileType = sourcecode.c.h; path = EventTrackInformation.h; sourceTree = "<group>"; };
		C39BE43318A283EE009589A5 /* EventTrackInformation.m */ = {isa = PBXFileReference; fileEncoding = 4; lastKnownFileType = sourcecode.c.objc; path = EventTrackInformation.m; sourceTree = "<group>"; };
		C39BE43418A283EE009589A5 /* RegistrantFee.h */ = {isa = PBXFileReference; fileEncoding = 4; lastKnownFileType = sourcecode.c.h; path = RegistrantFee.h; sourceTree = "<group>"; };
		C39BE43518A283EE009589A5 /* RegistrantFee.m */ = {isa = PBXFileReference; fileEncoding = 4; lastKnownFileType = sourcecode.c.objc; path = RegistrantFee.m; sourceTree = "<group>"; };
		C39BE43618A283EE009589A5 /* RegistrantGuest.h */ = {isa = PBXFileReference; fileEncoding = 4; lastKnownFileType = sourcecode.c.h; path = RegistrantGuest.h; sourceTree = "<group>"; };
		C39BE43718A283EE009589A5 /* RegistrantGuest.m */ = {isa = PBXFileReference; fileEncoding = 4; lastKnownFileType = sourcecode.c.objc; path = RegistrantGuest.m; sourceTree = "<group>"; };
		C39BE43818A283EE009589A5 /* RegistrantGuestInfo.h */ = {isa = PBXFileReference; fileEncoding = 4; lastKnownFileType = sourcecode.c.h; path = RegistrantGuestInfo.h; sourceTree = "<group>"; };
		C39BE43918A283EE009589A5 /* RegistrantGuestInfo.m */ = {isa = PBXFileReference; fileEncoding = 4; lastKnownFileType = sourcecode.c.objc; path = RegistrantGuestInfo.m; sourceTree = "<group>"; };
		C39BE43A18A283EE009589A5 /* RegistrantGuestSections.h */ = {isa = PBXFileReference; fileEncoding = 4; lastKnownFileType = sourcecode.c.h; path = RegistrantGuestSections.h; sourceTree = "<group>"; };
		C39BE43B18A283EE009589A5 /* RegistrantGuestSections.m */ = {isa = PBXFileReference; fileEncoding = 4; lastKnownFileType = sourcecode.c.objc; path = RegistrantGuestSections.m; sourceTree = "<group>"; };
		C39BE43C18A283EE009589A5 /* RegistrantOrder.h */ = {isa = PBXFileReference; fileEncoding = 4; lastKnownFileType = sourcecode.c.h; path = RegistrantOrder.h; sourceTree = "<group>"; };
		C39BE43D18A283EE009589A5 /* RegistrantOrder.m */ = {isa = PBXFileReference; fileEncoding = 4; lastKnownFileType = sourcecode.c.objc; path = RegistrantOrder.m; sourceTree = "<group>"; };
		C39BE43E18A283EE009589A5 /* RegistrantPaymentSummary.h */ = {isa = PBXFileReference; fileEncoding = 4; lastKnownFileType = sourcecode.c.h; path = RegistrantPaymentSummary.h; sourceTree = "<group>"; };
		C39BE43F18A283EE009589A5 /* RegistrantPaymentSummary.m */ = {isa = PBXFileReference; fileEncoding = 4; lastKnownFileType = sourcecode.c.objc; path = RegistrantPaymentSummary.m; sourceTree = "<group>"; };
		C39BE44018A283EE009589A5 /* RegistrantPromoCode.h */ = {isa = PBXFileReference; fileEncoding = 4; lastKnownFileType = sourcecode.c.h; path = RegistrantPromoCode.h; sourceTree = "<group>"; };
		C39BE44118A283EE009589A5 /* RegistrantPromoCode.m */ = {isa = PBXFileReference; fileEncoding = 4; lastKnownFileType = sourcecode.c.objc; path = RegistrantPromoCode.m; sourceTree = "<group>"; };
		C39BE44218A283EE009589A5 /* RegistrantPromocodeInfo.h */ = {isa = PBXFileReference; fileEncoding = 4; lastKnownFileType = sourcecode.c.h; path = RegistrantPromocodeInfo.h; sourceTree = "<group>"; };
		C39BE44318A283EE009589A5 /* RegistrantPromocodeInfo.m */ = {isa = PBXFileReference; fileEncoding = 4; lastKnownFileType = sourcecode.c.objc; path = RegistrantPromocodeInfo.m; sourceTree = "<group>"; };
		C39BE44418A283EE009589A5 /* RegistrantSaleItem.h */ = {isa = PBXFileReference; fileEncoding = 4; lastKnownFileType = sourcecode.c.h; path = RegistrantSaleItem.h; sourceTree = "<group>"; };
		C39BE44518A283EE009589A5 /* RegistrantSaleItem.m */ = {isa = PBXFileReference; fileEncoding = 4; lastKnownFileType = sourcecode.c.objc; path = RegistrantSaleItem.m; sourceTree = "<group>"; };
		C39BE44618A283EE009589A5 /* RegistrantSection.h */ = {isa = PBXFileReference; fileEncoding = 4; lastKnownFileType = sourcecode.c.h; path = RegistrantSection.h; sourceTree = "<group>"; };
		C39BE44718A283EE009589A5 /* RegistrantSection.m */ = {isa = PBXFileReference; fileEncoding = 4; lastKnownFileType = sourcecode.c.objc; path = RegistrantSection.m; sourceTree = "<group>"; };
		C39BE44818A283EE009589A5 /* RegistrantSectionField.h */ = {isa = PBXFileReference; fileEncoding = 4; lastKnownFileType = sourcecode.c.h; path = RegistrantSectionField.h; sourceTree = "<group>"; };
		C39BE44918A283EE009589A5 /* RegistrantSectionField.m */ = {isa = PBXFileReference; fileEncoding = 4; lastKnownFileType = sourcecode.c.objc; path = RegistrantSectionField.m; sourceTree = "<group>"; };
/* End PBXFileReference section */

/* Begin PBXFrameworksBuildPhase section */
		B029C3FD17046F0F005B4FE2 /* Frameworks */ = {
			isa = PBXFrameworksBuildPhase;
			buildActionMask = 2147483647;
			files = (
				B029C40417046F0F005B4FE2 /* UIKit.framework in Frameworks */,
				B029C40617046F0F005B4FE2 /* Foundation.framework in Frameworks */,
				B029C40817046F0F005B4FE2 /* CoreGraphics.framework in Frameworks */,
			);
			runOnlyForDeploymentPostprocessing = 0;
		};
/* End PBXFrameworksBuildPhase section */

/* Begin PBXGroup section */
		B029C3F717046F0F005B4FE2 = {
			isa = PBXGroup;
			children = (
				B029C40917046F0F005B4FE2 /* CTCTContact */,
				B029C40217046F0F005B4FE2 /* Frameworks */,
				B029C40117046F0F005B4FE2 /* Products */,
			);
			sourceTree = "<group>";
		};
		B029C40117046F0F005B4FE2 /* Products */ = {
			isa = PBXGroup;
			children = (
				B029C40017046F0F005B4FE2 /* CTCTContact.app */,
			);
			name = Products;
			sourceTree = "<group>";
		};
		B029C40217046F0F005B4FE2 /* Frameworks */ = {
			isa = PBXGroup;
			children = (
				B029C40317046F0F005B4FE2 /* UIKit.framework */,
				B029C40517046F0F005B4FE2 /* Foundation.framework */,
				B029C40717046F0F005B4FE2 /* CoreGraphics.framework */,
			);
			name = Frameworks;
			sourceTree = "<group>";
		};
		B029C40917046F0F005B4FE2 /* CTCTContact */ = {
			isa = PBXGroup;
			children = (
				B0F396E11729376200205B40 /* CTCTWrapper */,
				B029C41217046F0F005B4FE2 /* AppDelegate.h */,
				B029C41317046F0F005B4FE2 /* AppDelegate.m */,
				B029C41B17046F0F005B4FE2 /* MainViewController.h */,
				B029C41C17046F0F005B4FE2 /* MainViewController.m */,
				B029C41E17046F0F005B4FE2 /* MainViewController.xib */,
				B029C4B9170484A6005B4FE2 /* ContactViewController.h */,
				B029C4B7170484A6005B4FE2 /* ContactViewController.m */,
				B029C4B8170484A6005B4FE2 /* ContactViewController.xib */,
				A3A8CD42171ECBEF0048F3C5 /* ContactCustomFieldsViewController.h */,
				A3A8CD43171ECBF00048F3C5 /* ContactCustomFieldsViewController.m */,
				A3A8CD44171ECBF00048F3C5 /* ContactCustomFieldsViewController.xib */,
				B029C4BC1704899A005B4FE2 /* ListsTableViewController.h */,
				B029C4BD1704899A005B4FE2 /* ListsTableViewController.m */,
				B029C4BE1704899B005B4FE2 /* ListsTableViewController.xib */,
				B029C4B417047C09005B4FE2 /* LoadingView.h */,
				B029C4B517047C0A005B4FE2 /* LoadingView.m */,
				B029C40A17046F0F005B4FE2 /* Supporting Files */,
			);
			path = CTCTContact;
			sourceTree = "<group>";
		};
		B029C40A17046F0F005B4FE2 /* Supporting Files */ = {
			isa = PBXGroup;
			children = (
				B029C40B17046F0F005B4FE2 /* CTCTContact-Info.plist */,
				B029C40C17046F0F005B4FE2 /* InfoPlist.strings */,
				B029C40F17046F0F005B4FE2 /* main.m */,
				B029C41117046F0F005B4FE2 /* CTCTContact-Prefix.pch */,
				B029C41517046F0F005B4FE2 /* Default.png */,
				B029C41717046F0F005B4FE2 /* Default@2x.png */,
				B029C41917046F0F005B4FE2 /* Default-568h@2x.png */,
			);
			name = "Supporting Files";
			sourceTree = "<group>";
		};
		B0F396E11729376200205B40 /* CTCTWrapper */ = {
			isa = PBXGroup;
			children = (
				B0F396E21729376200205B40 /* Auth */,
				B0F396EA1729376200205B40 /* Collections */,
				B0F396F11729376200205B40 /* Components */,
				B0F3972A1729376200205B40 /* Config */,
				B0F3972E1729376200205B40 /* Exceptions */,
				B0F3972F1729376200205B40 /* HttpRequest */,
				B0F397361729376200205B40 /* Services */,
				B0F397431729376200205B40 /* Utilities */,
			);
			name = CTCTWrapper;
			path = ../../../CTCTWrapper;
			sourceTree = "<group>";
		};
		B0F396E21729376200205B40 /* Auth */ = {
			isa = PBXGroup;
			children = (
				B0F396E31729376200205B40 /* CTCTDataStore.h */,
				B0F396E41729376200205B40 /* CTCTDataStore.m */,
				B0F396E51729376200205B40 /* CTCTLoginViewController.h */,
				B0F396E61729376200205B40 /* CTCTLoginViewController.m */,
				B0F396E71729376200205B40 /* CTCTLoginViewController.xib */,
			);
			path = Auth;
			sourceTree = "<group>";
		};
		B0F396EA1729376200205B40 /* Collections */ = {
			isa = PBXGroup;
			children = (
				B0F396EB1729376200205B40 /* Collection.h */,
				B0F396EC1729376200205B40 /* Collection.m */,
				B0F396ED1729376200205B40 /* ContactsCollection.h */,
				B0F396EE1729376200205B40 /* ContactsCollection.m */,
				B0F396EF1729376200205B40 /* ListsCollection.h */,
				B0F396F01729376200205B40 /* ListsCollection.m */,
			);
			path = Collections;
			sourceTree = "<group>";
		};
		B0F396F11729376200205B40 /* Components */ = {
			isa = PBXGroup;
			children = (
				C39BE3F318A283EE009589A5 /* EventSpot */,
				C3709BFA1827A9250072CA14 /* MyLibraryFolders */,
				C3709BF31827A9170072CA14 /* MyLibraryFiles */,
				B0F396F21729376200205B40 /* Activites */,
				B0F396FD1729376200205B40 /* Component.h */,
				B0F396FE1729376200205B40 /* Component.m */,
				B0F396FF1729376200205B40 /* Contacts */,
				B0F3970C1729376200205B40 /* EmailCampaigns */,
				B0F397171729376200205B40 /* ResultSet.h */,
				B0F397181729376200205B40 /* ResultSet.m */,
				B0F397191729376200205B40 /* Tracking */,
			);
			path = Components;
			sourceTree = "<group>";
		};
		B0F396F21729376200205B40 /* Activites */ = {
			isa = PBXGroup;
			children = (
				B0F396F31729376200205B40 /* Activity.h */,
				B0F396F41729376200205B40 /* Activity.m */,
				B0F396F51729376200205B40 /* ActivityError.h */,
				B0F396F61729376200205B40 /* ActivityError.m */,
				B0F396F71729376200205B40 /* AddContacts.h */,
				B0F396F81729376200205B40 /* AddContacts.m */,
				B0F396F91729376200205B40 /* AddContactsImportData.h */,
				B0F396FA1729376200205B40 /* AddContactsImportData.m */,
				B0F396FB1729376200205B40 /* ExportContacts.h */,
				B0F396FC1729376200205B40 /* ExportContacts.m */,
			);
			path = Activites;
			sourceTree = "<group>";
		};
		B0F396FF1729376200205B40 /* Contacts */ = {
			isa = PBXGroup;
			children = (
				B0F397001729376200205B40 /* Address.h */,
				B0F397011729376200205B40 /* Address.m */,
				B0F397021729376200205B40 /* Contact.h */,
				B0F397031729376200205B40 /* Contact.m */,
				B0F397041729376200205B40 /* ContactList.h */,
				B0F397051729376200205B40 /* ContactList.m */,
				B0F397061729376200205B40 /* CustomField.h */,
				B0F397071729376200205B40 /* CustomField.m */,
				B0F397081729376200205B40 /* EmailAddress.h */,
				B0F397091729376200205B40 /* EmailAddress.m */,
				B0F3970A1729376200205B40 /* Note.h */,
				B0F3970B1729376200205B40 /* Note.m */,
			);
			path = Contacts;
			sourceTree = "<group>";
		};
		B0F3970C1729376200205B40 /* EmailCampaigns */ = {
			isa = PBXGroup;
			children = (
				B0F3970D1729376200205B40 /* ClickThroughDetails.h */,
				B0F3970E1729376200205B40 /* ClickThroughDetails.m */,
				B0F3970F1729376200205B40 /* EmailCampaign.h */,
				B0F397101729376200205B40 /* EmailCampaign.m */,
				B0F397111729376200205B40 /* MessageFooter.h */,
				B0F397121729376200205B40 /* MessageFooter.m */,
				B0F397131729376200205B40 /* Schedule.h */,
				B0F397141729376200205B40 /* Schedule.m */,
				B0F397151729376200205B40 /* TestSend.h */,
				B0F397161729376200205B40 /* TestSend.m */,
			);
			path = EmailCampaigns;
			sourceTree = "<group>";
		};
		B0F397191729376200205B40 /* Tracking */ = {
			isa = PBXGroup;
			children = (
				C398C0BE18101ACA00E54CAE /* AllActivites.h */,
				C398C0BF18101ACA00E54CAE /* AllActivites.m */,
				C398C0C018101ACA00E54CAE /* EmailSortedActivity.h */,
				C398C0C118101ACA00E54CAE /* EmailSortedActivity.m */,
				B0F3971A1729376200205B40 /* BounceActivity.h */,
				B0F3971B1729376200205B40 /* BounceActivity.m */,
				B0F3971C1729376200205B40 /* ClickActivity.h */,
				B0F3971D1729376200205B40 /* ClickActivity.m */,
				B0F3971E1729376200205B40 /* ForwardActivity.h */,
				B0F3971F1729376200205B40 /* ForwardActivity.m */,
				B0F397201729376200205B40 /* OpenActivity.h */,
				B0F397211729376200205B40 /* OpenActivity.m */,
				B0F397221729376200205B40 /* OptOutActivity.h */,
				B0F397231729376200205B40 /* OptOutActivity.m */,
				B0F397241729376200205B40 /* SendActivity.h */,
				B0F397251729376200205B40 /* SendActivity.m */,
				B0F397261729376200205B40 /* TrackingActivity.h */,
				B0F397271729376200205B40 /* TrackingActivity.m */,
				B0F397281729376200205B40 /* TrackingSummary.h */,
				B0F397291729376200205B40 /* TrackingSummary.m */,
			);
			path = Tracking;
			sourceTree = "<group>";
		};
		B0F3972A1729376200205B40 /* Config */ = {
			isa = PBXGroup;
			children = (
				B0F3972B1729376200205B40 /* Config.h */,
				B0F3972C1729376200205B40 /* Config.m */,
				B0F3972D1729376200205B40 /* Config.plist */,
			);
			path = Config;
			sourceTree = "<group>";
		};
		B0F3972E1729376200205B40 /* Exceptions */ = {
			isa = PBXGroup;
			children = (
			);
			path = Exceptions;
			sourceTree = "<group>";
		};
		B0F3972F1729376200205B40 /* HttpRequest */ = {
			isa = PBXGroup;
			children = (
				B0F397301729376200205B40 /* HttpError.h */,
				B0F397311729376200205B40 /* HttpError.m */,
				B0F397321729376200205B40 /* HttpRequest.h */,
				B0F397331729376200205B40 /* HttpRequest.m */,
				B0F397341729376200205B40 /* HttpResponse.h */,
				B0F397351729376200205B40 /* HttpResponse.m */,
			);
			path = HttpRequest;
			sourceTree = "<group>";
		};
		B0F397361729376200205B40 /* Services */ = {
			isa = PBXGroup;
			children = (
				C39BE3F018A283D2009589A5 /* EventSpotService.h */,
				C39BE3F118A283D2009589A5 /* EventSpotService.m */,
				C3709C0A1827A9E90072CA14 /* MyLibraryFilesService.h */,
				C3709C0B1827A9E90072CA14 /* MyLibraryFilesService.m */,
				C3709C0C1827A9E90072CA14 /* MyLibraryFoldersService.h */,
				C3709C0D1827A9E90072CA14 /* MyLibraryFoldersService.m */,
				B0F397371729376200205B40 /* ActivityService.h */,
				B0F397381729376200205B40 /* ActivityService.m */,
				B0F397391729376200205B40 /* CampaignScheduleService.h */,
				B0F3973A1729376200205B40 /* CampaignScheduleService.m */,
				B0F3973B1729376200205B40 /* CampaignTrackingService.h */,
				B0F3973C1729376200205B40 /* CampaignTrackingService.m */,
				B0F3973D1729376200205B40 /* ContactTrackingService.h */,
				B0F3973E1729376200205B40 /* ContactTrackingService.m */,
				B0F3973F1729376200205B40 /* EmailCampaignService.h */,
				B0F397401729376200205B40 /* EmailCampaignService.m */,
				B0F397411729376200205B40 /* VerifiedEmailAddresses.h */,
				B0F397421729376200205B40 /* VerifiedEmailAddresses.m */,
			);
			path = Services;
			sourceTree = "<group>";
		};
		B0F397431729376200205B40 /* Utilities */ = {
			isa = PBXGroup;
			children = (
				B0F397441729376200205B40 /* CTCTGlobal.h */,
				B0F397451729376200205B40 /* CTCTGlobal.m */,
			);
			path = Utilities;
			sourceTree = "<group>";
		};
		C3709BF31827A9170072CA14 /* MyLibraryFiles */ = {
			isa = PBXGroup;
			children = (
				C3709BF41827A9170072CA14 /* FileMoved.h */,
				C3709BF51827A9170072CA14 /* FileMoved.m */,
				C3709BF61827A9170072CA14 /* FileUploadStatus.h */,
				C3709BF71827A9170072CA14 /* FileUploadStatus.m */,
			);
			path = MyLibraryFiles;
			sourceTree = "<group>";
		};
		C3709BFA1827A9250072CA14 /* MyLibraryFolders */ = {
			isa = PBXGroup;
			children = (
				C3709BFB1827A9250072CA14 /* LibraryFile.h */,
				C3709BFC1827A9250072CA14 /* LibraryFile.m */,
				C3709BFD1827A9250072CA14 /* LibraryFolder.h */,
				C3709BFE1827A9250072CA14 /* LibraryFolder.m */,
				C3709BFF1827A9250072CA14 /* LibrarySummary.h */,
				C3709C001827A9250072CA14 /* LibrarySummary.m */,
				C3709C011827A9250072CA14 /* Thumbnail.h */,
				C3709C021827A9250072CA14 /* Thumbnail.m */,
				C3709C031827A9250072CA14 /* UsageSummary.h */,
				C3709C041827A9250072CA14 /* UsageSummary.m */,
			);
			path = MyLibraryFolders;
			sourceTree = "<group>";
		};
		C39BE3F318A283EE009589A5 /* EventSpot */ = {
			isa = PBXGroup;
			children = (
				C39BE3F418A283EE009589A5 /* Enums */,
				C39BE41718A283EE009589A5 /* Event.h */,
				C39BE41818A283EE009589A5 /* Event.m */,
				C39BE41918A283EE009589A5 /* EventAddress.h */,
				C39BE41A18A283EE009589A5 /* EventAddress.m */,
				C39BE41B18A283EE009589A5 /* EventContact.h */,
				C39BE41C18A283EE009589A5 /* EventContact.m */,
				C39BE41D18A283EE009589A5 /* EventExtended.h */,
				C39BE41E18A283EE009589A5 /* EventExtended.m */,
				C39BE41F18A283EE009589A5 /* EventFee.h */,
				C39BE42018A283EE009589A5 /* EventFee.m */,
				C39BE42118A283EE009589A5 /* EventItem.h */,
				C39BE42218A283EE009589A5 /* EventItem.m */,
				C39BE42318A283EE009589A5 /* EventItemAttribute.h */,
				C39BE42418A283EE009589A5 /* EventItemAttribute.m */,
				C39BE42518A283EE009589A5 /* EventNotificationOptions.h */,
				C39BE42618A283EE009589A5 /* EventNotificationOptions.m */,
				C39BE42718A283EE009589A5 /* EventOnlineMeeting.h */,
				C39BE42818A283EE009589A5 /* EventOnlineMeeting.m */,
				C39BE42918A283EE009589A5 /* EventPatch.h */,
				C39BE42A18A283EE009589A5 /* EventPatch.m */,
				C39BE42C18A283EE009589A5 /* EventPromocode.h */,
				C39BE42D18A283EE009589A5 /* EventPromocode.m */,
				C39BE42E18A283EE009589A5 /* EventRegistrant.h */,
				C39BE42F18A283EE009589A5 /* EventRegistrant.m */,
				C39BE43018A283EE009589A5 /* EventRegistrantExtended.h */,
				C39BE43118A283EE009589A5 /* EventRegistrantExtended.m */,
				C39BE43218A283EE009589A5 /* EventTrackInformation.h */,
				C39BE43318A283EE009589A5 /* EventTrackInformation.m */,
				C39BE43418A283EE009589A5 /* RegistrantFee.h */,
				C39BE43518A283EE009589A5 /* RegistrantFee.m */,
				C39BE43618A283EE009589A5 /* RegistrantGuest.h */,
				C39BE43718A283EE009589A5 /* RegistrantGuest.m */,
				C39BE43818A283EE009589A5 /* RegistrantGuestInfo.h */,
				C39BE43918A283EE009589A5 /* RegistrantGuestInfo.m */,
				C39BE43A18A283EE009589A5 /* RegistrantGuestSections.h */,
				C39BE43B18A283EE009589A5 /* RegistrantGuestSections.m */,
				C39BE43C18A283EE009589A5 /* RegistrantOrder.h */,
				C39BE43D18A283EE009589A5 /* RegistrantOrder.m */,
				C39BE43E18A283EE009589A5 /* RegistrantPaymentSummary.h */,
				C39BE43F18A283EE009589A5 /* RegistrantPaymentSummary.m */,
				C39BE44018A283EE009589A5 /* RegistrantPromoCode.h */,
				C39BE44118A283EE009589A5 /* RegistrantPromoCode.m */,
				C39BE44218A283EE009589A5 /* RegistrantPromocodeInfo.h */,
				C39BE44318A283EE009589A5 /* RegistrantPromocodeInfo.m */,
				C39BE44418A283EE009589A5 /* RegistrantSaleItem.h */,
				C39BE44518A283EE009589A5 /* RegistrantSaleItem.m */,
				C39BE44618A283EE009589A5 /* RegistrantSection.h */,
				C39BE44718A283EE009589A5 /* RegistrantSection.m */,
				C39BE44818A283EE009589A5 /* RegistrantSectionField.h */,
				C39BE44918A283EE009589A5 /* RegistrantSectionField.m */,
			);
			path = EventSpot;
			sourceTree = "<group>";
		};
		C39BE3F418A283EE009589A5 /* Enums */ = {
			isa = PBXGroup;
			children = (
				C39BE3F518A283EE009589A5 /* EventCurrencyTypeEnum.h */,
				C39BE3F618A283EE009589A5 /* EventCurrencyTypeEnum.m */,
				C39BE3F718A283EE009589A5 /* EventInformationSectionsEnum.h */,
				C39BE3F818A283EE009589A5 /* EventInformationSectionsEnum.m */,
				C39BE3F918A283EE009589A5 /* EventPatchOpEnum.h */,
				C39BE3FA18A283EE009589A5 /* EventPatchOpEnum.m */,
				C39BE3FB18A283EE009589A5 /* EventPatchStatusEnum.h */,
				C39BE3FC18A283EE009589A5 /* EventPatchStatusEnum.m */,
				C39BE3FD18A283EE009589A5 /* EventPatchValueEnum.h */,
				C39BE3FE18A283EE009589A5 /* EventPatchValueEnum.m */,
				C39BE3FF18A283EE009589A5 /* EventPaymentTypeEnum.h */,
				C39BE40018A283EE009589A5 /* EventPaymentTypeEnum.m */,
				C39BE40118A283EE009589A5 /* EventRegistrantAttendanceStatusEnum.h */,
				C39BE40218A283EE009589A5 /* EventRegistrantAttendanceStatusEnum.m */,
				C39BE40318A283EE009589A5 /* EventRegistrantDiscountScopeEnum.h */,
				C39BE40418A283EE009589A5 /* EventRegistrantDiscountScopeEnum.m */,
				C39BE40518A283EE009589A5 /* EventRegistrantPaymentTypeEnum.h */,
				C39BE40618A283EE009589A5 /* EventRegistrantPaymentTypeEnum.m */,
				C39BE40718A283EE009589A5 /* EventRegistrantSectionsFieldTypeEnum.h */,
				C39BE40818A283EE009589A5 /* EventRegistrantSectionsFieldTypeEnum.m */,
				C39BE40918A283EE009589A5 /* EventStatusEnum.h */,
				C39BE40A18A283EE009589A5 /* EventStatusEnum.m */,
				C39BE40B18A283EE009589A5 /* EventTypeEnum.h */,
				C39BE40C18A283EE009589A5 /* EventTypeEnum.m */,
				C39BE40D18A283EE009589A5 /* FeeScopeEnum.h */,
				C39BE40E18A283EE009589A5 /* FeeScopeEnum.m */,
				C39BE40F18A283EE009589A5 /* PromocodeCodeTypeEnum.h */,
				C39BE41018A283EE009589A5 /* PromocodeCodeTypeEnum.m */,
				C39BE41118A283EE009589A5 /* PromocodeDiscountScopeEnum.h */,
				C39BE41218A283EE009589A5 /* PromocodeDiscountScopeEnum.m */,
				C39BE41318A283EE009589A5 /* PromocodeDiscountTypeEnum.h */,
				C39BE41418A283EE009589A5 /* PromocodeDiscountTypeEnum.m */,
				C39BE41518A283EE009589A5 /* PromocodeStatusEnum.h */,
				C39BE41618A283EE009589A5 /* PromocodeStatusEnum.m */,
			);
			path = Enums;
			sourceTree = "<group>";
		};
/* End PBXGroup section */

/* Begin PBXNativeTarget section */
		B029C3FF17046F0F005B4FE2 /* CTCTContact */ = {
			isa = PBXNativeTarget;
			buildConfigurationList = B029C42317046F0F005B4FE2 /* Build configuration list for PBXNativeTarget "CTCTContact" */;
			buildPhases = (
				B029C3FC17046F0F005B4FE2 /* Sources */,
				B029C3FD17046F0F005B4FE2 /* Frameworks */,
				B029C3FE17046F0F005B4FE2 /* Resources */,
			);
			buildRules = (
			);
			dependencies = (
			);
			name = CTCTContact;
			productName = CTCTContact;
			productReference = B029C40017046F0F005B4FE2 /* CTCTContact.app */;
			productType = "com.apple.product-type.application";
		};
/* End PBXNativeTarget section */

/* Begin PBXProject section */
		B029C3F817046F0F005B4FE2 /* Project object */ = {
			isa = PBXProject;
			attributes = {
				LastUpgradeCheck = 0460;
				ORGANIZATIONNAME = "OSF Global";
			};
			buildConfigurationList = B029C3FB17046F0F005B4FE2 /* Build configuration list for PBXProject "CTCTContact" */;
			compatibilityVersion = "Xcode 3.2";
			developmentRegion = English;
			hasScannedForEncodings = 0;
			knownRegions = (
				en,
			);
			mainGroup = B029C3F717046F0F005B4FE2;
			productRefGroup = B029C40117046F0F005B4FE2 /* Products */;
			projectDirPath = "";
			projectRoot = "";
			targets = (
				B029C3FF17046F0F005B4FE2 /* CTCTContact */,
			);
		};
/* End PBXProject section */

/* Begin PBXResourcesBuildPhase section */
		B029C3FE17046F0F005B4FE2 /* Resources */ = {
			isa = PBXResourcesBuildPhase;
			buildActionMask = 2147483647;
			files = (
				B029C40E17046F0F005B4FE2 /* InfoPlist.strings in Resources */,
				B029C41617046F0F005B4FE2 /* Default.png in Resources */,
				B029C41817046F0F005B4FE2 /* Default@2x.png in Resources */,
				B029C41A17046F0F005B4FE2 /* Default-568h@2x.png in Resources */,
				B029C42017046F0F005B4FE2 /* MainViewController.xib in Resources */,
				B029C4BB170484A7005B4FE2 /* ContactViewController.xib in Resources */,
				B029C4C01704899B005B4FE2 /* ListsTableViewController.xib in Resources */,
				A3A8CD46171ECBF00048F3C5 /* ContactCustomFieldsViewController.xib in Resources */,
				B0F397481729376200205B40 /* CTCTLoginViewController.xib in Resources */,
				B0F397681729376300205B40 /* Config.plist in Resources */,
			);
			runOnlyForDeploymentPostprocessing = 0;
		};
/* End PBXResourcesBuildPhase section */

/* Begin PBXSourcesBuildPhase section */
		B029C3FC17046F0F005B4FE2 /* Sources */ = {
			isa = PBXSourcesBuildPhase;
			buildActionMask = 2147483647;
			files = (
				C39BE46D18A283EE009589A5 /* RegistrantGuestSections.m in Sources */,
				B029C41017046F0F005B4FE2 /* main.m in Sources */,
				B029C41417046F0F005B4FE2 /* AppDelegate.m in Sources */,
				C39BE46218A283EE009589A5 /* EventNotificationOptions.m in Sources */,
				C39BE45618A283EE009589A5 /* FeeScopeEnum.m in Sources */,
				B029C41D17046F0F005B4FE2 /* MainViewController.m in Sources */,
				C39BE44B18A283EE009589A5 /* EventInformationSectionsEnum.m in Sources */,
				C39BE46818A283EE009589A5 /* EventRegistrantExtended.m in Sources */,
				C39BE47318A283EE009589A5 /* RegistrantSection.m in Sources */,
				C39BE45318A283EE009589A5 /* EventRegistrantSectionsFieldTypeEnum.m in Sources */,
				B029C4B617047C0A005B4FE2 /* LoadingView.m in Sources */,
				B029C4BA170484A7005B4FE2 /* ContactViewController.m in Sources */,
				B029C4BF1704899B005B4FE2 /* ListsTableViewController.m in Sources */,
				A3A8CD45171ECBF00048F3C5 /* ContactCustomFieldsViewController.m in Sources */,
				B0F397461729376200205B40 /* CTCTDataStore.m in Sources */,
				B0F397471729376200205B40 /* CTCTLoginViewController.m in Sources */,
				C39BE47018A283EE009589A5 /* RegistrantPromoCode.m in Sources */,
				B0F3974A1729376200205B40 /* Collection.m in Sources */,
				C39BE45B18A283EE009589A5 /* Event.m in Sources */,
				C39BE45A18A283EE009589A5 /* PromocodeStatusEnum.m in Sources */,
				C39BE47118A283EE009589A5 /* RegistrantPromocodeInfo.m in Sources */,
				B0F3974B1729376200205B40 /* ContactsCollection.m in Sources */,
				B0F3974C1729376200205B40 /* ListsCollection.m in Sources */,
				C39BE45118A283EE009589A5 /* EventRegistrantDiscountScopeEnum.m in Sources */,
				B0F3974D1729376200205B40 /* Activity.m in Sources */,
				C39BE47218A283EE009589A5 /* RegistrantSaleItem.m in Sources */,
				B0F3974E1729376200205B40 /* ActivityError.m in Sources */,
				B0F3974F1729376200205B40 /* AddContacts.m in Sources */,
				C39BE46F18A283EE009589A5 /* RegistrantPaymentSummary.m in Sources */,
				B0F397501729376300205B40 /* AddContactsImportData.m in Sources */,
				B0F397511729376300205B40 /* ExportContacts.m in Sources */,
				C39BE44E18A283EE009589A5 /* EventPatchValueEnum.m in Sources */,
				B0F397521729376300205B40 /* Component.m in Sources */,
				B0F397531729376300205B40 /* Address.m in Sources */,
				C39BE46618A283EE009589A5 /* EventPromocode.m in Sources */,
				C39BE45418A283EE009589A5 /* EventStatusEnum.m in Sources */,
				B0F397541729376300205B40 /* Contact.m in Sources */,
				B0F397551729376300205B40 /* ContactList.m in Sources */,
				C39BE45718A283EE009589A5 /* PromocodeCodeTypeEnum.m in Sources */,
				C39BE46A18A283EE009589A5 /* RegistrantFee.m in Sources */,
				B0F397561729376300205B40 /* CustomField.m in Sources */,
				B0F397571729376300205B40 /* EmailAddress.m in Sources */,
				C39BE45D18A283EE009589A5 /* EventContact.m in Sources */,
				B0F397581729376300205B40 /* Note.m in Sources */,
				B0F397591729376300205B40 /* ClickThroughDetails.m in Sources */,
				B0F3975A1729376300205B40 /* EmailCampaign.m in Sources */,
				B0F3975B1729376300205B40 /* MessageFooter.m in Sources */,
				B0F3975C1729376300205B40 /* Schedule.m in Sources */,
				C39BE45918A283EE009589A5 /* PromocodeDiscountTypeEnum.m in Sources */,
				B0F3975D1729376300205B40 /* TestSend.m in Sources */,
				B0F3975E1729376300205B40 /* ResultSet.m in Sources */,
				B0F3975F1729376300205B40 /* BounceActivity.m in Sources */,
				B0F397601729376300205B40 /* ClickActivity.m in Sources */,
				B0F397611729376300205B40 /* ForwardActivity.m in Sources */,
				C39BE46718A283EE009589A5 /* EventRegistrant.m in Sources */,
				B0F397621729376300205B40 /* OpenActivity.m in Sources */,
				B0F397631729376300205B40 /* OptOutActivity.m in Sources */,
				B0F397641729376300205B40 /* SendActivity.m in Sources */,
				C39BE46318A283EE009589A5 /* EventOnlineMeeting.m in Sources */,
				B0F397651729376300205B40 /* TrackingActivity.m in Sources */,
				B0F397661729376300205B40 /* TrackingSummary.m in Sources */,
				B0F397671729376300205B40 /* Config.m in Sources */,
				B0F397691729376300205B40 /* HttpError.m in Sources */,
				B0F3976A1729376300205B40 /* HttpRequest.m in Sources */,
				B0F3976B1729376300205B40 /* HttpResponse.m in Sources */,
				B0F3976C1729376300205B40 /* ActivityService.m in Sources */,
				C39BE45018A283EE009589A5 /* EventRegistrantAttendanceStatusEnum.m in Sources */,
				B0F3976D1729376300205B40 /* CampaignScheduleService.m in Sources */,
				C39BE45518A283EE009589A5 /* EventTypeEnum.m in Sources */,
				C39BE44A18A283EE009589A5 /* EventCurrencyTypeEnum.m in Sources */,
				B0F3976E1729376300205B40 /* CampaignTrackingService.m in Sources */,
				C39BE46E18A283EE009589A5 /* RegistrantOrder.m in Sources */,
				C39BE44D18A283EE009589A5 /* EventPatchStatusEnum.m in Sources */,
				B0F3976F1729376300205B40 /* ContactTrackingService.m in Sources */,
				B0F397701729376300205B40 /* EmailCampaignService.m in Sources */,
				B0F397711729376300205B40 /* VerifiedEmailAddresses.m in Sources */,
				B0F397721729376300205B40 /* CTCTGlobal.m in Sources */,
				C39BE46C18A283EE009589A5 /* RegistrantGuestInfo.m in Sources */,
				C39BE44C18A283EE009589A5 /* EventPatchOpEnum.m in Sources */,
				C398C0C218101ACA00E54CAE /* AllActivites.m in Sources */,
				C39BE45C18A283EE009589A5 /* EventAddress.m in Sources */,
				C39BE44F18A283EE009589A5 /* EventPaymentTypeEnum.m in Sources */,
				C398C0C318101ACA00E54CAE /* EmailSortedActivity.m in Sources */,
				C3709BF81827A9170072CA14 /* FileMoved.m in Sources */,
				C39BE46B18A283EE009589A5 /* RegistrantGuest.m in Sources */,
				C3709BF91827A9170072CA14 /* FileUploadStatus.m in Sources */,
				C39BE47418A283EE009589A5 /* RegistrantSectionField.m in Sources */,
				C39BE46918A283EE009589A5 /* EventTrackInformation.m in Sources */,
				C3709C051827A9250072CA14 /* LibraryFile.m in Sources */,
				C3709C061827A9250072CA14 /* LibraryFolder.m in Sources */,
				C3709C071827A9250072CA14 /* LibrarySummary.m in Sources */,
				C3709C081827A9250072CA14 /* Thumbnail.m in Sources */,
				C39BE45E18A283EE009589A5 /* EventExtended.m in Sources */,
				C3709C091827A9250072CA14 /* UsageSummary.m in Sources */,
				C39BE45818A283EE009589A5 /* PromocodeDiscountScopeEnum.m in Sources */,
				C39BE45F18A283EE009589A5 /* EventFee.m in Sources */,
				C39BE46418A283EE009589A5 /* EventPatch.m in Sources */,
				C39BE46018A283EE009589A5 /* EventItem.m in Sources */,
				C39BE46118A283EE009589A5 /* EventItemAttribute.m in Sources */,
				C39BE45218A283EE009589A5 /* EventRegistrantPaymentTypeEnum.m in Sources */,
				C3709C0E1827A9E90072CA14 /* MyLibraryFilesService.m in Sources */,
				C3709C0F1827A9E90072CA14 /* MyLibraryFoldersService.m in Sources */,
				C39BE3F218A283D2009589A5 /* EventSpotService.m in Sources */,
			);
			runOnlyForDeploymentPostprocessing = 0;
		};
/* End PBXSourcesBuildPhase section */

/* Begin PBXVariantGroup section */
		B029C40C17046F0F005B4FE2 /* InfoPlist.strings */ = {
			isa = PBXVariantGroup;
			children = (
				B029C40D17046F0F005B4FE2 /* en */,
			);
			name = InfoPlist.strings;
			sourceTree = "<group>";
		};
		B029C41E17046F0F005B4FE2 /* MainViewController.xib */ = {
			isa = PBXVariantGroup;
			children = (
				B029C41F17046F0F005B4FE2 /* en */,
			);
			name = MainViewController.xib;
			sourceTree = "<group>";
		};
/* End PBXVariantGroup section */

/* Begin XCBuildConfiguration section */
		B029C42117046F0F005B4FE2 /* Debug */ = {
			isa = XCBuildConfiguration;
			buildSettings = {
				ALWAYS_SEARCH_USER_PATHS = NO;
				CLANG_CXX_LANGUAGE_STANDARD = "gnu++0x";
				CLANG_CXX_LIBRARY = "libc++";
				CLANG_ENABLE_OBJC_ARC = YES;
				CLANG_WARN_CONSTANT_CONVERSION = YES;
				CLANG_WARN_EMPTY_BODY = YES;
				CLANG_WARN_ENUM_CONVERSION = YES;
				CLANG_WARN_INT_CONVERSION = YES;
				CLANG_WARN__DUPLICATE_METHOD_MATCH = YES;
				"CODE_SIGN_IDENTITY[sdk=iphoneos*]" = "iPhone Developer";
				COPY_PHASE_STRIP = NO;
				GCC_C_LANGUAGE_STANDARD = gnu99;
				GCC_DYNAMIC_NO_PIC = NO;
				GCC_OPTIMIZATION_LEVEL = 0;
				GCC_PREPROCESSOR_DEFINITIONS = (
					"DEBUG=1",
					"$(inherited)",
				);
				GCC_SYMBOLS_PRIVATE_EXTERN = NO;
				GCC_WARN_ABOUT_RETURN_TYPE = YES;
				GCC_WARN_UNINITIALIZED_AUTOS = YES;
				GCC_WARN_UNUSED_VARIABLE = YES;
				IPHONEOS_DEPLOYMENT_TARGET = 5.0;
				ONLY_ACTIVE_ARCH = YES;
				SDKROOT = iphoneos;
			};
			name = Debug;
		};
		B029C42217046F0F005B4FE2 /* Release */ = {
			isa = XCBuildConfiguration;
			buildSettings = {
				ALWAYS_SEARCH_USER_PATHS = NO;
				CLANG_CXX_LANGUAGE_STANDARD = "gnu++0x";
				CLANG_CXX_LIBRARY = "libc++";
				CLANG_ENABLE_OBJC_ARC = YES;
				CLANG_WARN_CONSTANT_CONVERSION = YES;
				CLANG_WARN_EMPTY_BODY = YES;
				CLANG_WARN_ENUM_CONVERSION = YES;
				CLANG_WARN_INT_CONVERSION = YES;
				CLANG_WARN__DUPLICATE_METHOD_MATCH = YES;
				"CODE_SIGN_IDENTITY[sdk=iphoneos*]" = "iPhone Developer";
				COPY_PHASE_STRIP = YES;
				GCC_C_LANGUAGE_STANDARD = gnu99;
				GCC_WARN_ABOUT_RETURN_TYPE = YES;
				GCC_WARN_UNINITIALIZED_AUTOS = YES;
				GCC_WARN_UNUSED_VARIABLE = YES;
				IPHONEOS_DEPLOYMENT_TARGET = 5.0;
				OTHER_CFLAGS = "-DNS_BLOCK_ASSERTIONS=1";
				SDKROOT = iphoneos;
				VALIDATE_PRODUCT = YES;
			};
			name = Release;
		};
		B029C42417046F0F005B4FE2 /* Debug */ = {
			isa = XCBuildConfiguration;
			buildSettings = {
				GCC_PRECOMPILE_PREFIX_HEADER = YES;
				GCC_PREFIX_HEADER = "CTCTContact/CTCTContact-Prefix.pch";
				INFOPLIST_FILE = "CTCTContact/CTCTContact-Info.plist";
				IPHONEOS_DEPLOYMENT_TARGET = 5.0;
				PRODUCT_NAME = "$(TARGET_NAME)";
				WRAPPER_EXTENSION = app;
			};
			name = Debug;
		};
		B029C42517046F0F005B4FE2 /* Release */ = {
			isa = XCBuildConfiguration;
			buildSettings = {
				GCC_PRECOMPILE_PREFIX_HEADER = YES;
				GCC_PREFIX_HEADER = "CTCTContact/CTCTContact-Prefix.pch";
				INFOPLIST_FILE = "CTCTContact/CTCTContact-Info.plist";
				IPHONEOS_DEPLOYMENT_TARGET = 5.0;
				PRODUCT_NAME = "$(TARGET_NAME)";
				WRAPPER_EXTENSION = app;
			};
			name = Release;
		};
/* End XCBuildConfiguration section */

/* Begin XCConfigurationList section */
		B029C3FB17046F0F005B4FE2 /* Build configuration list for PBXProject "CTCTContact" */ = {
			isa = XCConfigurationList;
			buildConfigurations = (
				B029C42117046F0F005B4FE2 /* Debug */,
				B029C42217046F0F005B4FE2 /* Release */,
			);
			defaultConfigurationIsVisible = 0;
			defaultConfigurationName = Release;
		};
		B029C42317046F0F005B4FE2 /* Build configuration list for PBXNativeTarget "CTCTContact" */ = {
			isa = XCConfigurationList;
			buildConfigurations = (
				B029C42417046F0F005B4FE2 /* Debug */,
				B029C42517046F0F005B4FE2 /* Release */,
			);
			defaultConfigurationIsVisible = 0;
			defaultConfigurationName = Release;
		};
/* End XCConfigurationList section */
	};
	rootObject = B029C3F817046F0F005B4FE2 /* Project object */;
}
